<?xml version="1.0" encoding="utf-8"?>
<Project ToolsVersion="4.0" xmlns="http://schemas.microsoft.com/developer/msbuild/2003">
  <ItemGroup>
    <ClCompile Include="ApsSettingDlg.cpp">
      <Filter>소스 파일</Filter>
    </ClCompile>
    <ClCompile Include="ARcBridgeInput.cpp">
      <Filter>소스 파일</Filter>
    </ClCompile>
    <ClCompile Include="ARcBridgeInputStd.cpp">
      <Filter>소스 파일</Filter>
    </ClCompile>
    <ClCompile Include="BaseDesignFactDlg.cpp">
      <Filter>소스 파일</Filter>
    </ClCompile>
    <ClCompile Include="BaseFactDlg.cpp">
      <Filter>소스 파일</Filter>
    </ClCompile>
    <ClCompile Include="BoringTypeDlg.cpp">
      <Filter>소스 파일</Filter>
    </ClCompile>
    <ClCompile Include="BridgeLevelDlg.cpp">
      <Filter>소스 파일</Filter>
    </ClCompile>
    <ClCompile Include="BridgeTypeDlg.cpp">
      <Filter>소스 파일</Filter>
    </ClCompile>
    <ClCompile Include="CommandReDir.cpp">
      <Filter>소스 파일</Filter>
    </ClCompile>
    <ClCompile Include="CommandResultDlg.cpp">
      <Filter>소스 파일</Filter>
    </ClCompile>
    <ClCompile Include="DialogCrackEnv.cpp">
      <Filter>소스 파일</Filter>
    </ClCompile>
    <ClCompile Include="DialogDom.cpp">
      <Filter>소스 파일</Filter>
    </ClCompile>
    <ClCompile Include="DialogEHPLink.cpp">
      <Filter>소스 파일</Filter>
    </ClCompile>
    <ClCompile Include="DialogExpansionJointRef.cpp">
      <Filter>소스 파일</Filter>
    </ClCompile>
    <ClCompile Include="DialogFce.cpp">
      <Filter>소스 파일</Filter>
    </ClCompile>
    <ClCompile Include="DialogHDanLength.cpp">
      <Filter>소스 파일</Filter>
    </ClCompile>
    <ClCompile Include="DialogSTMArcCornerMain.cpp">
      <Filter>소스 파일</Filter>
    </ClCompile>
    <ClCompile Include="DialogSTMArcCornerShear.cpp">
      <Filter>소스 파일</Filter>
    </ClCompile>
    <ClCompile Include="DialogSTMBracketMain.cpp">
      <Filter>소스 파일</Filter>
    </ClCompile>
    <ClCompile Include="DialogSTMBracketShear.cpp">
      <Filter>소스 파일</Filter>
    </ClCompile>
    <ClCompile Include="DialogSTMFootingMainMid.cpp">
      <Filter>소스 파일</Filter>
    </ClCompile>
    <ClCompile Include="DialogSTMFootingMainStartEnd.cpp">
      <Filter>소스 파일</Filter>
    </ClCompile>
    <ClCompile Include="DialogSTMFootingShearMid.cpp">
      <Filter>소스 파일</Filter>
    </ClCompile>
    <ClCompile Include="DialogSTMFootingShearStartEnd.cpp">
      <Filter>소스 파일</Filter>
    </ClCompile>
    <ClCompile Include="EarthquakeDlg.cpp">
      <Filter>소스 파일</Filter>
    </ClCompile>
    <ClCompile Include="DialogSTMSetting.cpp">
      <Filter>소스 파일</Filter>
    </ClCompile>
    <ClCompile Include="DlgAddRatePageByDia.cpp">
      <Filter>소스 파일</Filter>
    </ClCompile>
    <ClCompile Include="DlgAddRatePageByMainRebar.cpp">
      <Filter>소스 파일</Filter>
    </ClCompile>
    <ClCompile Include="DlgAddRateSheet.cpp">
      <Filter>소스 파일</Filter>
    </ClCompile>
    <ClCompile Include="DlgCorner.cpp">
      <Filter>소스 파일</Filter>
    </ClCompile>
    <ClCompile Include="DlgProgress.cpp">
      <Filter>소스 파일</Filter>
    </ClCompile>
    <ClCompile Include="EarthquakeFactDlg.cpp">
      <Filter>소스 파일</Filter>
    </ClCompile>
    <ClCompile Include="EarthquakeGradeDlg.cpp">
      <Filter>소스 파일</Filter>
    </ClCompile>
    <ClCompile Include="EValueInputDlg.cpp">
      <Filter>소스 파일</Filter>
    </ClCompile>
    <ClCompile Include="FinitePileDlg.cpp">
      <Filter>소스 파일</Filter>
    </ClCompile>
    <ClCompile Include="FixShoeSelectInputDlg.cpp">
      <Filter>소스 파일</Filter>
    </ClCompile>
    <ClCompile Include="GuardWallDlg.cpp">
      <Filter>소스 파일</Filter>
    </ClCompile>
    <ClCompile Include="InputBaseBridgeFormFactor.cpp">
      <Filter>소스 파일</Filter>
    </ClCompile>
    <ClCompile Include="InputBaseCrossConstruct.cpp">
      <Filter>소스 파일</Filter>
    </ClCompile>
    <ClCompile Include="InputBaseCrossPosition.cpp">
      <Filter>소스 파일</Filter>
    </ClCompile>
    <ClCompile Include="InputBaseDesignBasicData.cpp">
      <Filter>소스 파일</Filter>
    </ClCompile>
    <ClCompile Include="InputBaseGroundInfo.cpp">
      <Filter>소스 파일</Filter>
    </ClCompile>
    <ClCompile Include="InputBaseLineInfo.cpp">
      <Filter>소스 파일</Filter>
    </ClCompile>
    <ClCompile Include="InputBaseProjectInfo.cpp">
      <Filter>소스 파일</Filter>
    </ClCompile>
    <ClCompile Include="InputBaseShoePosition.cpp">
      <Filter>소스 파일</Filter>
    </ClCompile>
    <ClCompile Include="InputBaseSpanConstruct.cpp">
      <Filter>소스 파일</Filter>
    </ClCompile>
    <ClCompile Include="InputCheckArchRib.cpp">
      <Filter>소스 파일</Filter>
    </ClCompile>
    <ClCompile Include="InputCheckEdit.cpp">
      <Filter>소스 파일</Filter>
    </ClCompile>
    <ClCompile Include="InputCheckGrid.cpp">
      <Filter>소스 파일</Filter>
    </ClCompile>
    <ClCompile Include="InputComment.cpp">
      <Filter>소스 파일</Filter>
    </ClCompile>
    <ClCompile Include="InputDialogBase.cpp">
      <Filter>소스 파일</Filter>
    </ClCompile>
    <ClCompile Include="InputDialogPane.cpp">
      <Filter>소스 파일</Filter>
    </ClCompile>
    <ClCompile Include="InputGenAps.cpp">
      <Filter>소스 파일</Filter>
    </ClCompile>
    <ClCompile Include="InputGenColumn.cpp">
      <Filter>소스 파일</Filter>
    </ClCompile>
    <ClCompile Include="InputGenDesignVariable.cpp">
      <Filter>소스 파일</Filter>
    </ClCompile>
    <ClCompile Include="InputGenFooting.cpp">
      <Filter>소스 파일</Filter>
    </ClCompile>
    <ClCompile Include="InputGenFrameAnalysis.cpp">
      <Filter>소스 파일</Filter>
    </ClCompile>
    <ClCompile Include="InputGenHyunTa.cpp">
      <Filter>소스 파일</Filter>
    </ClCompile>
    <ClCompile Include="InputGenJongSection.cpp">
      <Filter>소스 파일</Filter>
    </ClCompile>
    <ClCompile Include="InputGenMonument.cpp">
      <Filter>소스 파일</Filter>
    </ClCompile>
    <ClCompile Include="InputGenPlane.cpp">
      <Filter>소스 파일</Filter>
    </ClCompile>
    <ClCompile Include="InputGenShellAnalysis.cpp">
      <Filter>소스 파일</Filter>
    </ClCompile>
    <ClCompile Include="InputGenSodan.cpp">
      <Filter>소스 파일</Filter>
    </ClCompile>
    <ClCompile Include="InputGenTogong.cpp">
      <Filter>소스 파일</Filter>
    </ClCompile>
    <ClCompile Include="InputGenWingShellAnalysis.cpp">
      <Filter>소스 파일</Filter>
    </ClCompile>
    <ClCompile Include="InputGenWingWall.cpp">
      <Filter>소스 파일</Filter>
    </ClCompile>
    <ClCompile Include="InputRebarColumn.cpp">
      <Filter>소스 파일</Filter>
    </ClCompile>
    <ClCompile Include="InputRebarGagak.cpp">
      <Filter>소스 파일</Filter>
    </ClCompile>
    <ClCompile Include="InputRebarJewon.cpp">
      <Filter>소스 파일</Filter>
    </ClCompile>
    <ClCompile Include="InputRebarMain.cpp">
      <Filter>소스 파일</Filter>
    </ClCompile>
    <ClCompile Include="InputRebarMain2.cpp">
      <Filter>소스 파일</Filter>
    </ClCompile>
    <ClCompile Include="InputRebarMain3.cpp">
      <Filter>소스 파일</Filter>
    </ClCompile>
    <ClCompile Include="InputRebarOthers.cpp">
      <Filter>소스 파일</Filter>
    </ClCompile>
    <ClCompile Include="InputRebarSection.cpp">
      <Filter>소스 파일</Filter>
    </ClCompile>
    <ClCompile Include="InputRebarWingWall.cpp">
      <Filter>소스 파일</Filter>
    </ClCompile>
    <ClCompile Include="InputStmArcCorner.cpp">
      <Filter>소스 파일</Filter>
    </ClCompile>
    <ClCompile Include="InputStmBracket.cpp">
      <Filter>소스 파일</Filter>
    </ClCompile>
    <ClCompile Include="InputRebarAps.cpp">
      <Filter>소스 파일</Filter>
    </ClCompile>
    <ClCompile Include="InputStmCondition.cpp">
      <Filter>소스 파일</Filter>
    </ClCompile>
    <ClCompile Include="InputStmFootingMid.cpp">
      <Filter>소스 파일</Filter>
    </ClCompile>
    <ClCompile Include="InputStmFootingStartEnd.cpp">
      <Filter>소스 파일</Filter>
    </ClCompile>
    <ClCompile Include="InputStmModelBase.cpp">
      <Filter>소스 파일</Filter>
    </ClCompile>
    <ClCompile Include="MidasInputProgressDlg.cpp">
      <Filter>소스 파일</Filter>
    </ClCompile>
    <ClCompile Include="OptimizeRebar.cpp">
      <Filter>소스 파일</Filter>
    </ClCompile>
    <ClCompile Include="PostBaseLineDlg.cpp">
      <Filter>소스 파일</Filter>
    </ClCompile>
    <ClCompile Include="RebarDanDlg.cpp">
      <Filter>소스 파일</Filter>
    </ClCompile>
    <ClCompile Include="RebarHunchDlg.cpp">
      <Filter>소스 파일</Filter>
    </ClCompile>
    <ClCompile Include="RebarJoint1CycleDlg.cpp">
      <Filter>소스 파일</Filter>
    </ClCompile>
    <ClCompile Include="RebarJointDlg.cpp">
      <Filter>소스 파일</Filter>
    </ClCompile>
    <ClCompile Include="RebarShearDlg.cpp">
      <Filter>소스 파일</Filter>
    </ClCompile>
    <ClCompile Include="RebarSupportDlg.cpp">
      <Filter>소스 파일</Filter>
    </ClCompile>
    <ClCompile Include="RebarWingWallDlg.cpp">
      <Filter>소스 파일</Filter>
    </ClCompile>
    <ClCompile Include="RoundDlg.cpp">
      <Filter>소스 파일</Filter>
    </ClCompile>
    <ClCompile Include="SlabShapeDlg.cpp">
      <Filter>소스 파일</Filter>
    </ClCompile>
    <ClCompile Include="StdAfx.cpp">
      <Filter>소스 파일</Filter>
    </ClCompile>
    <ClCompile Include="StirrupDlg.cpp">
      <Filter>소스 파일</Filter>
    </ClCompile>
    <ClCompile Include="TypeCycle3Dlg.cpp">
      <Filter>소스 파일</Filter>
    </ClCompile>
    <ClCompile Include="UValueInputDlg.cpp">
      <Filter>소스 파일</Filter>
    </ClCompile>
    <ClCompile Include="InputGenAnalysisBase.cpp">
      <Filter>소스 파일</Filter>
    </ClCompile>
    <ClCompile Include="InputGenAnalysisBaseShell.cpp">
      <Filter>소스 파일</Filter>
    </ClCompile>
    <ClCompile Include="InputGenLoad.cpp">
      <Filter>소스 파일</Filter>
    </ClCompile>
    <ClCompile Include="BridgeLevelDlgLSD.cpp">
      <Filter>소스 파일</Filter>
    </ClCompile>
    <ClCompile Include="DialogRailLoadAlways.cpp">
      <Filter>소스 파일</Filter>
    </ClCompile>
    <ClCompile Include="AlphaEValueInputDlg.cpp">
      <Filter>소스 파일</Filter>
    </ClCompile>
    <ClCompile Include="MsValueInputDlg.cpp">
      <Filter>소스 파일</Filter>
    </ClCompile>
    <ClCompile Include="CheckCantileverDlg.cpp">
      <Filter>소스 파일</Filter>
    </ClCompile>
    <ClCompile Include="DialogSetExpJointSpace.cpp">
      <Filter>소스 파일</Filter>
    </ClCompile>
    <ClCompile Include="EarthquakeGradeKDS17Dlg.cpp">
      <Filter>소스 파일</Filter>
    </ClCompile>
    <ClCompile Include="EarthquakeFactKDS17Dlg.cpp">
      <Filter>소스 파일</Filter>
    </ClCompile>
  </ItemGroup>
  <ItemGroup>
    <ClInclude Include="ApsSettingDlg.h">
      <Filter>헤더 파일</Filter>
    </ClInclude>
    <ClInclude Include="ARcBridgeInputStd.h">
      <Filter>헤더 파일</Filter>
    </ClInclude>
    <ClInclude Include="BaseDesignFactDlg.h">
      <Filter>헤더 파일</Filter>
    </ClInclude>
    <ClInclude Include="BaseFactDlg.h">
      <Filter>헤더 파일</Filter>
    </ClInclude>
    <ClInclude Include="BoringTypeDlg.h">
      <Filter>헤더 파일</Filter>
    </ClInclude>
    <ClInclude Include="BridgeLevelDlg.h">
      <Filter>헤더 파일</Filter>
    </ClInclude>
    <ClInclude Include="BridgeTypeDlg.h">
      <Filter>헤더 파일</Filter>
    </ClInclude>
    <ClInclude Include="CommandReDir.h">
      <Filter>헤더 파일</Filter>
    </ClInclude>
    <ClInclude Include="CommandResultDlg.h">
      <Filter>헤더 파일</Filter>
    </ClInclude>
    <ClInclude Include="DialogCrackEnv.h">
      <Filter>헤더 파일</Filter>
    </ClInclude>
    <ClInclude Include="DialogDom.h">
      <Filter>헤더 파일</Filter>
    </ClInclude>
    <ClInclude Include="DialogEHPLink.h">
      <Filter>헤더 파일</Filter>
    </ClInclude>
    <ClInclude Include="DialogExpansionJointRef.h">
      <Filter>헤더 파일</Filter>
    </ClInclude>
    <ClInclude Include="DialogFce.h">
      <Filter>헤더 파일</Filter>
    </ClInclude>
    <ClInclude Include="DialogHDanLength.h">
      <Filter>헤더 파일</Filter>
    </ClInclude>
    <ClInclude Include="DialogSTMArcCornerMain.h">
      <Filter>헤더 파일</Filter>
    </ClInclude>
    <ClInclude Include="DialogSTMArcCornerShear.h">
      <Filter>헤더 파일</Filter>
    </ClInclude>
    <ClInclude Include="DialogSTMBracketMain.h">
      <Filter>헤더 파일</Filter>
    </ClInclude>
    <ClInclude Include="DialogSTMBracketShear.h">
      <Filter>헤더 파일</Filter>
    </ClInclude>
    <ClInclude Include="DialogSTMFootingMainMid.h">
      <Filter>헤더 파일</Filter>
    </ClInclude>
    <ClInclude Include="DialogSTMFootingMainStartEnd.h">
      <Filter>헤더 파일</Filter>
    </ClInclude>
    <ClInclude Include="DialogSTMFootingShearMid.h">
      <Filter>헤더 파일</Filter>
    </ClInclude>
    <ClInclude Include="DialogSTMFootingShearStartEnd.h">
      <Filter>헤더 파일</Filter>
    </ClInclude>
    <ClInclude Include="DialogSTMSetting.h">
      <Filter>헤더 파일</Filter>
    </ClInclude>
    <ClInclude Include="DlgAddRatePageByDia.h">
      <Filter>헤더 파일</Filter>
    </ClInclude>
    <ClInclude Include="DlgAddRatePageByMainRebar.h">
      <Filter>헤더 파일</Filter>
    </ClInclude>
    <ClInclude Include="DlgAddRateSheet.h">
      <Filter>헤더 파일</Filter>
    </ClInclude>
    <ClInclude Include="DlgCorner.h">
      <Filter>헤더 파일</Filter>
    </ClInclude>
    <ClInclude Include="DlgProgress.h">
      <Filter>헤더 파일</Filter>
    </ClInclude>
    <ClInclude Include="EarthquakeDlg.h">
      <Filter>헤더 파일</Filter>
    </ClInclude>
    <ClInclude Include="InputCheckArchRib.h">
      <Filter>헤더 파일</Filter>
    </ClInclude>
    <ClInclude Include="EarthquakeFactDlg.h">
      <Filter>헤더 파일</Filter>
    </ClInclude>
    <ClInclude Include="EarthquakeGradeDlg.h">
      <Filter>헤더 파일</Filter>
    </ClInclude>
    <ClInclude Include="EValueInputDlg.h">
      <Filter>헤더 파일</Filter>
    </ClInclude>
    <ClInclude Include="FinitePileDlg.h">
      <Filter>헤더 파일</Filter>
    </ClInclude>
    <ClInclude Include="FixShoeSelectInputDlg.h">
      <Filter>헤더 파일</Filter>
    </ClInclude>
    <ClInclude Include="GuardWallDlg.h">
      <Filter>헤더 파일</Filter>
    </ClInclude>
    <ClInclude Include="InputBaseBridgeFormFactor.h">
      <Filter>헤더 파일</Filter>
    </ClInclude>
    <ClInclude Include="InputBaseCrossConstruct.h">
      <Filter>헤더 파일</Filter>
    </ClInclude>
    <ClInclude Include="InputBaseCrossPosition.h">
      <Filter>헤더 파일</Filter>
    </ClInclude>
    <ClInclude Include="InputBaseDesignBasicData.h">
      <Filter>헤더 파일</Filter>
    </ClInclude>
    <ClInclude Include="InputBaseGroundInfo.h">
      <Filter>헤더 파일</Filter>
    </ClInclude>
    <ClInclude Include="InputBaseLineInfo.h">
      <Filter>헤더 파일</Filter>
    </ClInclude>
    <ClInclude Include="InputBaseProjectInfo.h">
      <Filter>헤더 파일</Filter>
    </ClInclude>
    <ClInclude Include="InputBaseShoePosition.h">
      <Filter>헤더 파일</Filter>
    </ClInclude>
    <ClInclude Include="InputBaseSpanConstruct.h">
      <Filter>헤더 파일</Filter>
    </ClInclude>
    <ClInclude Include="InputCheckEdit.h">
      <Filter>헤더 파일</Filter>
    </ClInclude>
    <ClInclude Include="InputGenWingWall.h">
      <Filter>헤더 파일</Filter>
    </ClInclude>
    <ClInclude Include="InputCheckGrid.h">
      <Filter>헤더 파일</Filter>
    </ClInclude>
    <ClInclude Include="InputComment.h">
      <Filter>헤더 파일</Filter>
    </ClInclude>
    <ClInclude Include="InputDialogBase.h">
      <Filter>헤더 파일</Filter>
    </ClInclude>
    <ClInclude Include="InputDialogPane.h">
      <Filter>헤더 파일</Filter>
    </ClInclude>
    <ClInclude Include="InputGenAps.h">
      <Filter>헤더 파일</Filter>
    </ClInclude>
    <ClInclude Include="InputGenColumn.h">
      <Filter>헤더 파일</Filter>
    </ClInclude>
    <ClInclude Include="InputGenDesignVariable.h">
      <Filter>헤더 파일</Filter>
    </ClInclude>
    <ClInclude Include="InputGenFooting.h">
      <Filter>헤더 파일</Filter>
    </ClInclude>
    <ClInclude Include="InputGenFrameAnalysis.h">
      <Filter>헤더 파일</Filter>
    </ClInclude>
    <ClInclude Include="InputGenHyunTa.h">
      <Filter>헤더 파일</Filter>
    </ClInclude>
    <ClInclude Include="InputGenJongSection.h">
      <Filter>헤더 파일</Filter>
    </ClInclude>
    <ClInclude Include="InputGenMonument.h">
      <Filter>헤더 파일</Filter>
    </ClInclude>
    <ClInclude Include="InputGenPlane.h">
      <Filter>헤더 파일</Filter>
    </ClInclude>
    <ClInclude Include="InputGenShellAnalysis.h">
      <Filter>헤더 파일</Filter>
    </ClInclude>
    <ClInclude Include="InputGenSodan.h">
      <Filter>헤더 파일</Filter>
    </ClInclude>
    <ClInclude Include="InputGenTogong.h">
      <Filter>헤더 파일</Filter>
    </ClInclude>
    <ClInclude Include="InputGenWingShellAnalysis.h">
      <Filter>헤더 파일</Filter>
    </ClInclude>
    <ClInclude Include="InputRebarAps.h">
      <Filter>헤더 파일</Filter>
    </ClInclude>
    <ClInclude Include="PostBaseLineDlg.h">
      <Filter>헤더 파일</Filter>
    </ClInclude>
    <ClInclude Include="InputRebarColumn.h">
      <Filter>헤더 파일</Filter>
    </ClInclude>
    <ClInclude Include="InputRebarGagak.h">
      <Filter>헤더 파일</Filter>
    </ClInclude>
    <ClInclude Include="InputRebarJewon.h">
      <Filter>헤더 파일</Filter>
    </ClInclude>
    <ClInclude Include="InputRebarMain.h">
      <Filter>헤더 파일</Filter>
    </ClInclude>
    <ClInclude Include="InputRebarMain2.h">
      <Filter>헤더 파일</Filter>
    </ClInclude>
    <ClInclude Include="InputRebarMain3.h">
      <Filter>헤더 파일</Filter>
    </ClInclude>
    <ClInclude Include="InputRebarOthers.h">
      <Filter>헤더 파일</Filter>
    </ClInclude>
    <ClInclude Include="InputRebarSection.h">
      <Filter>헤더 파일</Filter>
    </ClInclude>
    <ClInclude Include="InputRebarWingWall.h">
      <Filter>헤더 파일</Filter>
    </ClInclude>
    <ClInclude Include="InputStmArcCorner.h">
      <Filter>헤더 파일</Filter>
    </ClInclude>
    <ClInclude Include="InputStmBracket.h">
      <Filter>헤더 파일</Filter>
    </ClInclude>
    <ClInclude Include="InputStmCondition.h">
      <Filter>헤더 파일</Filter>
    </ClInclude>
    <ClInclude Include="InputStmFootingMid.h">
      <Filter>헤더 파일</Filter>
    </ClInclude>
    <ClInclude Include="InputStmFootingStartEnd.h">
      <Filter>헤더 파일</Filter>
    </ClInclude>
    <ClInclude Include="InputStmModelBase.h">
      <Filter>헤더 파일</Filter>
    </ClInclude>
    <ClInclude Include="MidasInputProgressDlg.h">
      <Filter>헤더 파일</Filter>
    </ClInclude>
    <ClInclude Include="OptimizeRebar.h">
      <Filter>헤더 파일</Filter>
    </ClInclude>
    <ClInclude Include="RebarDanDlg.h">
      <Filter>헤더 파일</Filter>
    </ClInclude>
    <ClInclude Include="RebarJoint1CycleDlg.h">
      <Filter>헤더 파일</Filter>
    </ClInclude>
    <ClInclude Include="RebarHunchDlg.h">
      <Filter>헤더 파일</Filter>
    </ClInclude>
    <ClInclude Include="RebarJointDlg.h">
      <Filter>헤더 파일</Filter>
    </ClInclude>
    <ClInclude Include="StirrupDlg.h">
      <Filter>헤더 파일</Filter>
    </ClInclude>
    <ClInclude Include="RebarShearDlg.h">
      <Filter>헤더 파일</Filter>
    </ClInclude>
    <ClInclude Include="RebarSupportDlg.h">
      <Filter>헤더 파일</Filter>
    </ClInclude>
    <ClInclude Include="RebarWingWallDlg.h">
      <Filter>헤더 파일</Filter>
    </ClInclude>
    <ClInclude Include="Resource.h">
      <Filter>헤더 파일</Filter>
    </ClInclude>
    <ClInclude Include="RoundDlg.h">
      <Filter>헤더 파일</Filter>
    </ClInclude>
    <ClInclude Include="SlabShapeDlg.h">
      <Filter>헤더 파일</Filter>
    </ClInclude>
    <ClInclude Include="StdAfx.h">
      <Filter>헤더 파일</Filter>
    </ClInclude>
    <ClInclude Include="TypeCycle3Dlg.h">
      <Filter>헤더 파일</Filter>
    </ClInclude>
    <ClInclude Include="UValueInputDlg.h">
      <Filter>헤더 파일</Filter>
    </ClInclude>
    <ClInclude Include="InputGenAnalysisBase.h">
      <Filter>헤더 파일</Filter>
    </ClInclude>
    <ClInclude Include="InputGenAnalysisBaseShell.h">
      <Filter>헤더 파일</Filter>
    </ClInclude>
    <ClInclude Include="InputGenLoad.h">
      <Filter>헤더 파일</Filter>
    </ClInclude>
    <ClInclude Include="BridgeLevelDlgLSD.h">
      <Filter>헤더 파일</Filter>
    </ClInclude>
    <ClInclude Include="DialogRailLoadAlways.h">
      <Filter>헤더 파일</Filter>
    </ClInclude>
    <ClInclude Include="AlphaEValueInputDlg.h">
      <Filter>헤더 파일</Filter>
    </ClInclude>
    <ClInclude Include="MsValueInputDlg.h">
      <Filter>헤더 파일</Filter>
    </ClInclude>
    <ClInclude Include="CheckCantileverDlg.h">
      <Filter>헤더 파일</Filter>
    </ClInclude>
    <ClInclude Include="DialogSetExpJointSpace.h">
      <Filter>헤더 파일</Filter>
    </ClInclude>
    <ClInclude Include="EarthquakeGradeKDS17Dlg.h">
      <Filter>헤더 파일</Filter>
    </ClInclude>
    <ClInclude Include="EarthquakeFactKDS17Dlg.h">
      <Filter>헤더 파일</Filter>
    </ClInclude>
  </ItemGroup>
  <ItemGroup>
    <CustomBuild Include="ReadMe.txt" />
    <CustomBuild Include="ARcBridgeInput.def">
      <Filter>소스 파일</Filter>
    </CustomBuild>
    <CustomBuild Include="res\boring_9.bmp">
      <Filter>리소스 파일</Filter>
    </CustomBuild>
    <CustomBuild Include="res\ARcBridgeInput.rc2">
      <Filter>리소스 파일</Filter>
    </CustomBuild>
    <CustomBuild Include="res\bitmap_r.bmp">
      <Filter>리소스 파일</Filter>
    </CustomBuild>
    <CustomBuild Include="res\bmp00001.bmp">
      <Filter>리소스 파일</Filter>
    </CustomBuild>
    <CustomBuild Include="res\bmp00010.bmp">
      <Filter>리소스 파일</Filter>
    </CustomBuild>
    <CustomBuild Include="res\boring_1.bmp">
      <Filter>리소스 파일</Filter>
    </CustomBuild>
    <CustomBuild Include="res\boring_10.bmp">
      <Filter>리소스 파일</Filter>
    </CustomBuild>
    <CustomBuild Include="res\boring_11.bmp">
      <Filter>리소스 파일</Filter>
    </CustomBuild>
    <CustomBuild Include="res\boring_12.bmp">
      <Filter>리소스 파일</Filter>
    </CustomBuild>
    <CustomBuild Include="res\boring_13.bmp">
      <Filter>리소스 파일</Filter>
    </CustomBuild>
    <CustomBuild Include="res\boring_14.bmp">
      <Filter>리소스 파일</Filter>
    </CustomBuild>
    <CustomBuild Include="res\boring_15.bmp">
      <Filter>리소스 파일</Filter>
    </CustomBuild>
    <CustomBuild Include="res\boring_16.bmp">
      <Filter>리소스 파일</Filter>
    </CustomBuild>
    <CustomBuild Include="res\boring_17.bmp">
      <Filter>리소스 파일</Filter>
    </CustomBuild>
    <CustomBuild Include="res\boring_18.bmp">
      <Filter>리소스 파일</Filter>
    </CustomBuild>
    <CustomBuild Include="res\boring_19.bmp">
      <Filter>리소스 파일</Filter>
    </CustomBuild>
    <CustomBuild Include="res\boring_2.bmp">
      <Filter>리소스 파일</Filter>
    </CustomBuild>
    <CustomBuild Include="res\boring_20.bmp">
      <Filter>리소스 파일</Filter>
    </CustomBuild>
    <CustomBuild Include="res\boring_21.bmp">
      <Filter>리소스 파일</Filter>
    </CustomBuild>
    <CustomBuild Include="res\boring_22.bmp">
      <Filter>리소스 파일</Filter>
    </CustomBuild>
    <CustomBuild Include="res\boring_23.bmp">
      <Filter>리소스 파일</Filter>
    </CustomBuild>
    <CustomBuild Include="res\boring_24.bmp">
      <Filter>리소스 파일</Filter>
    </CustomBuild>
    <CustomBuild Include="res\boring_25.bmp">
      <Filter>리소스 파일</Filter>
    </CustomBuild>
    <CustomBuild Include="res\boring_26.bmp">
      <Filter>리소스 파일</Filter>
    </CustomBuild>
    <CustomBuild Include="res\boring_27.bmp">
      <Filter>리소스 파일</Filter>
    </CustomBuild>
    <CustomBuild Include="res\boring_28.bmp">
      <Filter>리소스 파일</Filter>
    </CustomBuild>
    <CustomBuild Include="res\boring_29.bmp">
      <Filter>리소스 파일</Filter>
    </CustomBuild>
    <CustomBuild Include="res\boring_3.bmp">
      <Filter>리소스 파일</Filter>
    </CustomBuild>
    <CustomBuild Include="res\boring_30.bmp">
      <Filter>리소스 파일</Filter>
    </CustomBuild>
    <CustomBuild Include="res\boring_31.bmp">
      <Filter>리소스 파일</Filter>
    </CustomBuild>
    <CustomBuild Include="res\boring_32.bmp">
      <Filter>리소스 파일</Filter>
    </CustomBuild>
    <CustomBuild Include="res\boring_33.bmp">
      <Filter>리소스 파일</Filter>
    </CustomBuild>
    <CustomBuild Include="res\boring_34.bmp">
      <Filter>리소스 파일</Filter>
    </CustomBuild>
    <CustomBuild Include="res\boring_35.bmp">
      <Filter>리소스 파일</Filter>
    </CustomBuild>
    <CustomBuild Include="res\boring_36.bmp">
      <Filter>리소스 파일</Filter>
    </CustomBuild>
    <CustomBuild Include="res\boring_37.bmp">
      <Filter>리소스 파일</Filter>
    </CustomBuild>
    <CustomBuild Include="res\boring_4.bmp">
      <Filter>리소스 파일</Filter>
    </CustomBuild>
    <CustomBuild Include="res\boring_5.bmp">
      <Filter>리소스 파일</Filter>
    </CustomBuild>
    <CustomBuild Include="res\boring_6.bmp">
      <Filter>리소스 파일</Filter>
    </CustomBuild>
    <CustomBuild Include="res\boring_7.bmp">
      <Filter>리소스 파일</Filter>
    </CustomBuild>
    <CustomBuild Include="res\boring_8.bmp">
      <Filter>리소스 파일</Filter>
    </CustomBuild>
    <CustomBuild Include="res\Bri_Arch.bmp">
      <Filter>리소스 파일</Filter>
    </CustomBuild>
    <CustomBuild Include="res\Bri_V.bmp">
      <Filter>리소스 파일</Filter>
    </CustomBuild>
    <CustomBuild Include="res\Bri_Box.bmp">
      <Filter>리소스 파일</Filter>
    </CustomBuild>
    <CustomBuild Include="res\Bri_Pi.bmp">
      <Filter>리소스 파일</Filter>
    </CustomBuild>
    <CustomBuild Include="res\Bri_Portal.bmp">
      <Filter>리소스 파일</Filter>
    </CustomBuild>
    <CustomBuild Include="res\Bri_Slab.bmp">
      <Filter>리소스 파일</Filter>
    </CustomBuild>
    <CustomBuild Include="res\Bri_Trap.bmp">
      <Filter>리소스 파일</Filter>
    </CustomBuild>
    <CustomBuild Include="res\Bri_Trap2.bmp">
      <Filter>리소스 파일</Filter>
    </CustomBuild>
    <CustomBuild Include="res\comment.bmp">
      <Filter>리소스 파일</Filter>
    </CustomBuild>
    <CustomBuild Include="res\DongB1.bmp">
      <Filter>리소스 파일</Filter>
    </CustomBuild>
    <CustomBuild Include="res\DongB2.bmp">
      <Filter>리소스 파일</Filter>
    </CustomBuild>
    <CustomBuild Include="res\ehp.bmp">
      <Filter>리소스 파일</Filter>
    </CustomBuild>
    <CustomBuild Include="res\help.bmp">
      <Filter>리소스 파일</Filter>
    </CustomBuild>
    <CustomBuild Include="res\help.ico">
      <Filter>리소스 파일</Filter>
    </CustomBuild>
    <CustomBuild Include="res\finiteLengthpile.bmp">
      <Filter>리소스 파일</Filter>
    </CustomBuild>
    <CustomBuild Include="res\tank.bmp">
      <Filter>리소스 파일</Filter>
    </CustomBuild>
    <CustomBuild Include="res\trailer.bmp">
      <Filter>리소스 파일</Filter>
    </CustomBuild>
    <CustomBuild Include="res\탄성계수.bmp">
      <Filter>리소스 파일</Filter>
    </CustomBuild>
    <CustomBuild Include="res\탄성계수SI.bmp">
      <Filter>리소스 파일</Filter>
    </CustomBuild>
    <CustomBuild Include="res\포아슨비.bmp">
      <Filter>리소스 파일</Filter>
    </CustomBuild>
  </ItemGroup>
  <ItemGroup>
    <Filter Include="리소스 파일">
      <UniqueIdentifier>{a8c7be48-6e29-4978-9566-3db434d23bf1}</UniqueIdentifier>
    </Filter>
    <Filter Include="소스 파일">
      <UniqueIdentifier>{5869a4a0-7ce8-4249-92a0-b4cf2c39ce5b}</UniqueIdentifier>
    </Filter>
    <Filter Include="헤더 파일">
      <UniqueIdentifier>{ae95fa09-e513-4658-8a86-e68be1ea4769}</UniqueIdentifier>
    </Filter>
  </ItemGroup>
  <ItemGroup>
    <ResourceCompile Include="ARcBridgeInput.rc">
      <Filter>리소스 파일</Filter>
    </ResourceCompile>
  </ItemGroup>
  <ItemGroup>
    <None Include="res\프리스트레스의 감소.bmp">
      <Filter>리소스 파일</Filter>
    </None>
    <None Include="res\BridgeLevel.bmp">
      <Filter>리소스 파일</Filter>
    </None>
    <None Include="res\AlphaE.bmp">
      <Filter>리소스 파일</Filter>
    </None>
    <None Include="res\MaterialMs.bmp">
      <Filter>리소스 파일</Filter>
    </None>
    <None Include="res\한계상태탄성계수.bmp">
      <Filter>리소스 파일</Filter>
    </None>
    <None Include="res\한계상태포아슨비.bmp">
      <Filter>리소스 파일</Filter>
    </None>
  </ItemGroup>
</Project>