<?xml version="1.0" encoding="utf-8"?>
<Project ToolsVersion="4.0" xmlns="http://schemas.microsoft.com/developer/msbuild/2003">
  <ItemGroup>
    <ClCompile Include="ARcBridgeOutBM.cpp">
      <Filter>소스 파일</Filter>
    </ClCompile>
    <ClCompile Include="ARcBridgeOutBMStd.cpp">
      <Filter>소스 파일</Filter>
    </ClCompile>
    <ClCompile Include="DialogBMOption.cpp">
      <Filter>소스 파일</Filter>
    </ClCompile>
    <ClCompile Include="DialogBMSelectKind.cpp">
      <Filter>소스 파일</Filter>
    </ClCompile>
    <ClCompile Include="DlgOptionBMPage.cpp">
      <Filter>소스 파일</Filter>
    </ClCompile>
    <ClCompile Include="DlgOptionBMSheet.cpp">
      <Filter>소스 파일</Filter>
    </ClCompile>
    <ClCompile Include="DlgSelectBMPage.cpp">
      <Filter>소스 파일</Filter>
    </ClCompile>
    <ClCompile Include="DlgViewBMPage.cpp">
      <Filter>소스 파일</Filter>
    </ClCompile>
    <ClCompile Include="OutBM.cpp">
      <Filter>소스 파일</Filter>
    </ClCompile>
    <ClCompile Include="OutBMBase.cpp">
      <Filter>소스 파일</Filter>
    </ClCompile>
    <ClCompile Include="OutBMDialog.cpp">
      <Filter>소스 파일</Filter>
    </ClCompile>
    <ClCompile Include="OutBMTogong.cpp">
      <Filter>소스 파일</Filter>
    </ClCompile>
    <ClCompile Include="StdAfx.cpp">
      <Filter>소스 파일</Filter>
    </ClCompile>
  </ItemGroup>
  <ItemGroup>
    <ClInclude Include="ARcBridgeOutBMStd.h">
      <Filter>헤더 파일</Filter>
    </ClInclude>
    <ClInclude Include="OutBMTogong.h">
      <Filter>헤더 파일</Filter>
    </ClInclude>
    <ClInclude Include="DialogBMOption.h">
      <Filter>헤더 파일</Filter>
    </ClInclude>
    <ClInclude Include="DialogBMSelectKind.h">
      <Filter>헤더 파일</Filter>
    </ClInclude>
    <ClInclude Include="DlgOptionBMPage.h">
      <Filter>헤더 파일</Filter>
    </ClInclude>
    <ClInclude Include="DlgOptionBMSheet.h">
      <Filter>헤더 파일</Filter>
    </ClInclude>
    <ClInclude Include="DlgSelectBMPage.h">
      <Filter>헤더 파일</Filter>
    </ClInclude>
    <ClInclude Include="DlgViewBMPage.h">
      <Filter>헤더 파일</Filter>
    </ClInclude>
    <ClInclude Include="OutBM.h">
      <Filter>헤더 파일</Filter>
    </ClInclude>
    <ClInclude Include="OutBMBase.h">
      <Filter>헤더 파일</Filter>
    </ClInclude>
    <ClInclude Include="OutBMDialog.h">
      <Filter>헤더 파일</Filter>
    </ClInclude>
    <ClInclude Include="Resource.h">
      <Filter>헤더 파일</Filter>
    </ClInclude>
    <ClInclude Include="StdAfx.h">
      <Filter>헤더 파일</Filter>
    </ClInclude>
  </ItemGroup>
  <ItemGroup>
    <CustomBuild Include="ReadMe.txt" />
    <CustomBuild Include="ARcBridgeOutBM.def">
      <Filter>소스 파일</Filter>
    </CustomBuild>
    <CustomBuild Include="res\ARcBridgeOutBM.rc2">
      <Filter>리소스 파일</Filter>
    </CustomBuild>
  </ItemGroup>
  <ItemGroup>
    <Filter Include="리소스 파일">
      <UniqueIdentifier>{070e54aa-d93c-4d79-b485-8c7b47df2224}</UniqueIdentifier>
    </Filter>
    <Filter Include="소스 파일">
      <UniqueIdentifier>{b9937ccf-ee0b-421d-9c32-8f607b1686e1}</UniqueIdentifier>
    </Filter>
    <Filter Include="헤더 파일">
      <UniqueIdentifier>{9f92c4f8-2595-4a16-8d89-ff665ad0e83a}</UniqueIdentifier>
    </Filter>
  </ItemGroup>
  <ItemGroup>
    <ResourceCompile Include="ARcBridgeOutBM.rc">
      <Filter>리소스 파일</Filter>
    </ResourceCompile>
  </ItemGroup>
</Project>