<?xml version="1.0" encoding="utf-8"?>
<Project ToolsVersion="4.0" xmlns="http://schemas.microsoft.com/developer/msbuild/2003">
  <ItemGroup>
    <ClCompile Include="ARcBridgeOutDesign.cpp">
      <Filter>소스 파일</Filter>
    </ClCompile>
    <ClCompile Include="ARcBridgeOutDesignStd.cpp">
      <Filter>소스 파일</Filter>
    </ClCompile>
    <ClCompile Include="OptionItem.cpp">
      <Filter>소스 파일</Filter>
    </ClCompile>
    <ClCompile Include="OutBridgeResister.cpp">
      <Filter>소스 파일</Filter>
    </ClCompile>
    <ClCompile Include="OutDesignBridge.cpp">
      <Filter>소스 파일</Filter>
    </ClCompile>
    <ClCompile Include="OutDesignDlg.cpp">
      <Filter>소스 파일</Filter>
    </ClCompile>
    <ClCompile Include="OutDesignOptionSheet.cpp">
      <Filter>소스 파일</Filter>
    </ClCompile>
    <ClCompile Include="OutDesignXLProPage_Etc.cpp">
      <Filter>소스 파일</Filter>
    </ClCompile>
    <ClCompile Include="OutDesignXLProPage_Exel.cpp">
      <Filter>소스 파일</Filter>
    </ClCompile>
    <ClCompile Include="OutDesignXLPropPage.cpp">
      <Filter>소스 파일</Filter>
    </ClCompile>
    <ClCompile Include="OutDesignXLPropPage_Stm.cpp">
      <Filter>소스 파일</Filter>
    </ClCompile>
    <ClCompile Include="StdAfx.cpp">
      <Filter>소스 파일</Filter>
    </ClCompile>
  </ItemGroup>
  <ItemGroup>
    <ClInclude Include="ARcBridgeOutDesignStd.h">
      <Filter>헤더 파일</Filter>
    </ClInclude>
    <ClInclude Include="OutDesignXLPropPage_Stm.h">
      <Filter>헤더 파일</Filter>
    </ClInclude>
    <ClInclude Include="OptionItem.h">
      <Filter>헤더 파일</Filter>
    </ClInclude>
    <ClInclude Include="OutBridgeResister.h">
      <Filter>헤더 파일</Filter>
    </ClInclude>
    <ClInclude Include="OutDesignBridge.h">
      <Filter>헤더 파일</Filter>
    </ClInclude>
    <ClInclude Include="OutDesignDlg.h">
      <Filter>헤더 파일</Filter>
    </ClInclude>
    <ClInclude Include="OutDesignOptionSheet.h">
      <Filter>헤더 파일</Filter>
    </ClInclude>
    <ClInclude Include="OutDesignXLProPage_Etc.h">
      <Filter>헤더 파일</Filter>
    </ClInclude>
    <ClInclude Include="OutDesignXLProPage_Exel.h">
      <Filter>헤더 파일</Filter>
    </ClInclude>
    <ClInclude Include="OutDesignXLPropPage.h">
      <Filter>헤더 파일</Filter>
    </ClInclude>
    <ClInclude Include="Resource.h">
      <Filter>헤더 파일</Filter>
    </ClInclude>
    <ClInclude Include="StdAfx.h">
      <Filter>헤더 파일</Filter>
    </ClInclude>
  </ItemGroup>
  <ItemGroup>
    <CustomBuild Include="ReadMe.txt" />
    <CustomBuild Include="ARcBridgeOutDesign.def">
      <Filter>소스 파일</Filter>
    </CustomBuild>
    <CustomBuild Include="res\ARcBridgeOutDesign.rc2">
      <Filter>리소스 파일</Filter>
    </CustomBuild>
  </ItemGroup>
  <ItemGroup>
    <Filter Include="리소스 파일">
      <UniqueIdentifier>{333c6a2a-a1ea-4f58-a0a8-875b9b377b9c}</UniqueIdentifier>
    </Filter>
    <Filter Include="소스 파일">
      <UniqueIdentifier>{35ca88c2-f2f1-4744-af2d-bbd9fbd9a823}</UniqueIdentifier>
    </Filter>
    <Filter Include="헤더 파일">
      <UniqueIdentifier>{4bfe888b-1f84-4ac2-a754-f32949c6ccb9}</UniqueIdentifier>
    </Filter>
  </ItemGroup>
  <ItemGroup>
    <ResourceCompile Include="ARcBridgeOutDesign.rc">
      <Filter>리소스 파일</Filter>
    </ResourceCompile>
  </ItemGroup>
</Project>