<?xml version="1.0" encoding="utf-8"?>
<Project ToolsVersion="4.0" xmlns="http://schemas.microsoft.com/developer/msbuild/2003">
  <ItemGroup>
    <ClCompile Include="ARcBridgeData.cpp">
      <Filter>소스 파일</Filter>
    </ClCompile>
    <ClCompile Include="ARcBridgeDataStd.cpp">
      <Filter>소스 파일</Filter>
    </ClCompile>
    <ClCompile Include="ExpJointRef.cpp">
      <Filter>소스 파일</Filter>
    </ClCompile>
    <ClCompile Include="FlexibleJoint.cpp">
      <Filter>소스 파일</Filter>
    </ClCompile>
    <ClCompile Include="FootWay.cpp">
      <Filter>소스 파일</Filter>
    </ClCompile>
    <ClCompile Include="GuardWall.cpp">
      <Filter>소스 파일</Filter>
    </ClCompile>
    <ClCompile Include="Jijum.cpp">
      <Filter>소스 파일</Filter>
    </ClCompile>
    <ClCompile Include="Parabola.cpp">
      <Filter>소스 파일</Filter>
    </ClCompile>
    <ClCompile Include="RcBridgeApp.cpp">
      <Filter>소스 파일</Filter>
    </ClCompile>
    <ClCompile Include="RcBridgeData.cpp">
      <Filter>소스 파일</Filter>
    </ClCompile>
    <ClCompile Include="RcBridgeRebar.cpp">
      <Filter>소스 파일</Filter>
    </ClCompile>
    <ClCompile Include="RcBridgeRebarUtil.cpp">
      <Filter>소스 파일</Filter>
    </ClCompile>
    <ClCompile Include="SaveCrossSection.cpp">
      <Filter>소스 파일</Filter>
    </ClCompile>
    <ClCompile Include="SaveDistRigidEndSlab.cpp">
      <Filter>소스 파일</Filter>
    </ClCompile>
    <ClCompile Include="SaveDistRigidEndWall.cpp">
      <Filter>소스 파일</Filter>
    </ClCompile>
    <ClCompile Include="SaveOrgInWall.cpp">
      <Filter>소스 파일</Filter>
    </ClCompile>
    <ClCompile Include="SaveXyMatchLineAndSlabUpper.cpp">
      <Filter>소스 파일</Filter>
    </ClCompile>
    <ClCompile Include="SaveXySlabUpperByLenFrSttStation.cpp">
      <Filter>소스 파일</Filter>
    </ClCompile>
    <ClCompile Include="StdAfx.cpp">
      <Filter>소스 파일</Filter>
    </ClCompile>
    <ClCompile Include="StmModelForArcbridge.cpp">
      <Filter>소스 파일</Filter>
    </ClCompile>
    <ClCompile Include="TypeDefault.cpp">
      <Filter>소스 파일</Filter>
    </ClCompile>
    <ClCompile Include="WallApp.cpp">
      <Filter>소스 파일</Filter>
    </ClCompile>
    <ClCompile Include="WallData.cpp">
      <Filter>소스 파일</Filter>
    </ClCompile>
    <ClCompile Include="WingWall.cpp">
      <Filter>소스 파일</Filter>
    </ClCompile>
    <ClCompile Include="LsdManagerBridge.cpp">
      <Filter>소스 파일</Filter>
    </ClCompile>
    <ClCompile Include="UserLoad.cpp" />
    <ClCompile Include="CheckCantileverData.cpp">
      <Filter>소스 파일</Filter>
    </ClCompile>
  </ItemGroup>
  <ItemGroup>
    <ClInclude Include="ARcBridgeDataStd.h">
      <Filter>헤더 파일</Filter>
    </ClInclude>
    <ClInclude Include="RcBridgeRebarUtil.h">
      <Filter>헤더 파일</Filter>
    </ClInclude>
    <ClInclude Include="ExpJointRef.h">
      <Filter>헤더 파일</Filter>
    </ClInclude>
    <ClInclude Include="FlexibleJoint.h">
      <Filter>헤더 파일</Filter>
    </ClInclude>
    <ClInclude Include="FootWay.h">
      <Filter>헤더 파일</Filter>
    </ClInclude>
    <ClInclude Include="GuardWall.h">
      <Filter>헤더 파일</Filter>
    </ClInclude>
    <ClInclude Include="Jijum.h">
      <Filter>헤더 파일</Filter>
    </ClInclude>
    <ClInclude Include="Parabola.h">
      <Filter>헤더 파일</Filter>
    </ClInclude>
    <ClInclude Include="RcBridgeApp.h">
      <Filter>헤더 파일</Filter>
    </ClInclude>
    <ClInclude Include="RcBridgeData.h">
      <Filter>헤더 파일</Filter>
    </ClInclude>
    <ClInclude Include="RcBridgeRebar.h">
      <Filter>헤더 파일</Filter>
    </ClInclude>
    <ClInclude Include="Resource.h">
      <Filter>헤더 파일</Filter>
    </ClInclude>
    <ClInclude Include="WingWall.h">
      <Filter>헤더 파일</Filter>
    </ClInclude>
    <ClInclude Include="SaveCrossSection.h">
      <Filter>헤더 파일</Filter>
    </ClInclude>
    <ClInclude Include="SaveDistRigidEndSlab.h">
      <Filter>헤더 파일</Filter>
    </ClInclude>
    <ClInclude Include="SaveDistRigidEndWall.h">
      <Filter>헤더 파일</Filter>
    </ClInclude>
    <ClInclude Include="SaveOrgInWall.h">
      <Filter>헤더 파일</Filter>
    </ClInclude>
    <ClInclude Include="SaveXyMatchLineAndSlabUpper.h">
      <Filter>헤더 파일</Filter>
    </ClInclude>
    <ClInclude Include="SaveXySlabUpperByLenFrSttStation.h">
      <Filter>헤더 파일</Filter>
    </ClInclude>
    <ClInclude Include="StdAfx.h">
      <Filter>헤더 파일</Filter>
    </ClInclude>
    <ClInclude Include="StmModelForArcbridge.h">
      <Filter>헤더 파일</Filter>
    </ClInclude>
    <ClInclude Include="TypeDefault.h">
      <Filter>헤더 파일</Filter>
    </ClInclude>
    <ClInclude Include="WallApp.h">
      <Filter>헤더 파일</Filter>
    </ClInclude>
    <ClInclude Include="WallData.h">
      <Filter>헤더 파일</Filter>
    </ClInclude>
    <ClInclude Include="LsdManagerBridge.h">
      <Filter>헤더 파일</Filter>
    </ClInclude>
    <ClInclude Include="UserLoad.h" />
    <ClInclude Include="CheckCantileverData.h">
      <Filter>헤더 파일</Filter>
    </ClInclude>
  </ItemGroup>
  <ItemGroup>
    <CustomBuild Include="ReadMe.txt" />
    <CustomBuild Include="ARcBridgeData.def">
      <Filter>소스 파일</Filter>
    </CustomBuild>
    <CustomBuild Include="res\ARcBridgeData.rc2">
      <Filter>리소스 파일</Filter>
    </CustomBuild>
  </ItemGroup>
  <ItemGroup>
    <Filter Include="리소스 파일">
      <UniqueIdentifier>{0088b093-9a09-4878-97b2-1d5f51ee47ad}</UniqueIdentifier>
    </Filter>
    <Filter Include="소스 파일">
      <UniqueIdentifier>{4daa1b17-453c-460e-8de9-ab4517d3a65e}</UniqueIdentifier>
    </Filter>
    <Filter Include="헤더 파일">
      <UniqueIdentifier>{5bb21dee-6e14-463a-a73e-e48180f422ba}</UniqueIdentifier>
    </Filter>
  </ItemGroup>
  <ItemGroup>
    <ResourceCompile Include="ARcBridgeData.rc">
      <Filter>리소스 파일</Filter>
    </ResourceCompile>
  </ItemGroup>
</Project>