
Microsoft Visual Studio Solution File, Format Version 11.00
# Visual Studio 2010
Project("{8BC9CEB8-8B4A-11D0-8D11-00A0C91BC942}") = "ARcBridge", "ARcBridge.vcxproj", "{0C196B48-0350-60B0-D514-86C8ECAFE9A4}"
	ProjectSection(ProjectDependencies) = postProject
		{0546DC3F-AC17-2321-276B-DE6B06B522D5} = {0546DC3F-AC17-2321-276B-DE6B06B522D5}
		{F949FD5C-77C5-F5A0-C30B-998E4179CC37} = {F949FD5C-77C5-F5A0-C30B-998E4179CC37}
	EndProjectSection
EndProject
Project("{8BC9CEB8-8B4A-11D0-8D11-00A0C91BC942}") = "ARcBridgeCalculate", "..\Src\ARcBridgeCalculate\ARcBridgeCalculate.vcxproj", "{7D22795C-2234-F61E-F2DF-47D9CC60AF34}"
	ProjectSection(ProjectDependencies) = postProject
		{4FEEB97F-4831-349F-5EC2-708DA864E483} = {4FEEB97F-4831-349F-5EC2-708DA864E483}
	EndProjectSection
EndProject
Project("{8BC9CEB8-8B4A-11D0-8D11-00A0C91BC942}") = "ARcBridgeDBDraw", "..\Src\ARcBridgeDBDraw\ARcBridgeDBDraw.vcxproj", "{4FEEB97F-4831-349F-5EC2-708DA864E483}"
	ProjectSection(ProjectDependencies) = postProject
		{20783DA6-FF2D-D45B-B438-118A81F72428} = {20783DA6-FF2D-D45B-B438-118A81F72428}
	EndProjectSection
EndProject
Project("{8BC9CEB8-8B4A-11D0-8D11-00A0C91BC942}") = "ARcBridgeData", "..\Src\ARcBridgeData\ARcBridgeData.vcxproj", "{20783DA6-FF2D-D45B-B438-118A81F72428}"
	ProjectSection(ProjectDependencies) = postProject
		{F83796A8-0F23-154D-55E0-BF8230E5EA19} = {F83796A8-0F23-154D-55E0-BF8230E5EA19}
	EndProjectSection
EndProject
Project("{8BC9CEB8-8B4A-11D0-8D11-00A0C91BC942}") = "ARcBridgeDrawing", "..\Src\ARcBridgeDrawing\ARcBridgeDrawing.vcxproj", "{1C0B2BA4-CDC2-CC9C-3B0D-CE41C1666986}"
	ProjectSection(ProjectDependencies) = postProject
		{8D10A1BB-4411-6DEF-1274-0449FED7E4DB} = {8D10A1BB-4411-6DEF-1274-0449FED7E4DB}
	EndProjectSection
EndProject
Project("{8BC9CEB8-8B4A-11D0-8D11-00A0C91BC942}") = "ARcBridgeDrawingOption", "..\Src\ARcBridgeDrawingOption\ARcBridgeDrawingOption.vcxproj", "{8D10A1BB-4411-6DEF-1274-0449FED7E4DB}"
	ProjectSection(ProjectDependencies) = postProject
		{F949FD5C-77C5-F5A0-C30B-998E4179CC37} = {F949FD5C-77C5-F5A0-C30B-998E4179CC37}
	EndProjectSection
EndProject
Project("{8BC9CEB8-8B4A-11D0-8D11-00A0C91BC942}") = "ARcBridgeInput", "..\Src\ARcBridgeInput\ARcBridgeInput.vcxproj", "{F949FD5C-77C5-F5A0-C30B-998E4179CC37}"
	ProjectSection(ProjectDependencies) = postProject
		{7D22795C-2234-F61E-F2DF-47D9CC60AF34} = {7D22795C-2234-F61E-F2DF-47D9CC60AF34}
	EndProjectSection
EndProject
Project("{8BC9CEB8-8B4A-11D0-8D11-00A0C91BC942}") = "ARcBridgeOutBM", "..\Src\ARcBridgeOutBM\ARcBridgeOutBM.vcxproj", "{1BBC4D84-D765-6407-7E09-939C76FA169F}"
	ProjectSection(ProjectDependencies) = postProject
		{1C0B2BA4-CDC2-CC9C-3B0D-CE41C1666986} = {1C0B2BA4-CDC2-CC9C-3B0D-CE41C1666986}
	EndProjectSection
EndProject
Project("{8BC9CEB8-8B4A-11D0-8D11-00A0C91BC942}") = "ARcBridgeOutDesign", "..\Src\ARcBridgeOutDesign\ARcBridgeOutDesign.vcxproj", "{0546DC3F-AC17-2321-276B-DE6B06B522D5}"
	ProjectSection(ProjectDependencies) = postProject
		{1BBC4D84-D765-6407-7E09-939C76FA169F} = {1BBC4D84-D765-6407-7E09-939C76FA169F}
	EndProjectSection
EndProject
Project("{8BC9CEB8-8B4A-11D0-8D11-00A0C91BC942}") = "Domyun", "..\..\..\Engine\BaseEng\Src\DomyunD\DomyunD.vcxproj", "{264B1953-1B1A-5E41-A66F-B838A28D4F9A}"
EndProject
Project("{8BC9CEB8-8B4A-11D0-8D11-00A0C91BC942}") = "HgGhostConc", "..\..\..\Engine\BaseEng\Src\HgGhostConc\HgGhostConc.vcxproj", "{67F34F6A-E27A-F922-1161-DD889AFD7DDE}"
EndProject
Project("{8BC9CEB8-8B4A-11D0-8D11-00A0C91BC942}") = "HgBaseDesign", "..\..\..\Engine\BaseEng\Src\HgBaseDesign\HgBaseDesign.vcxproj", "{8BC7ED05-5676-A9F2-C977-F28181559424}"
EndProject
Project("{8BC9CEB8-8B4A-11D0-8D11-00A0C91BC942}") = "LineApp", "..\..\..\Engine\BaseEng\Src\LineApp\LineApp.vcxproj", "{BB2282CE-370C-9882-28D0-B77FDCEC3402}"
EndProject
Project("{8BC9CEB8-8B4A-11D0-8D11-00A0C91BC942}") = "HgStmData", "..\..\..\Engine\HgStm\Src\HgStmData\HgStmData.vcxproj", "{515DF116-BF89-442E-80AE-EE2FC0B7A2BB}"
EndProject
Project("{8BC9CEB8-8B4A-11D0-8D11-00A0C91BC942}") = "HgStmDesign", "..\..\..\Engine\HgStm\Src\HgStmDesign\HgStmDesign.vcxproj", "{45CF688C-4B5E-4696-9274-DAF7BB61E175}"
EndProject
Project("{8BC9CEB8-8B4A-11D0-8D11-00A0C91BC942}") = "HgStmRenderer", "..\..\..\Engine\HgStm\Src\HgStmRenderer\HgStmRenderer.vcxproj", "{7546D877-ED39-451A-BFFC-21567D898D48}"
EndProject
Project("{8BC9CEB8-8B4A-11D0-8D11-00A0C91BC942}") = "HgStmTemplate", "..\..\..\Engine\HgStm\Src\HgStmTemplate\HgStmTemplate.vcxproj", "{36895E2C-466E-44A8-9014-4D3D1BD1755D}"
EndProject
Project("{8BC9CEB8-8B4A-11D0-8D11-00A0C91BC942}") = "HgStmUi", "..\..\..\Engine\HgStm\Src\HgStmUi\HgStmUi.vcxproj", "{69462BEE-8FC4-4688-98CA-EA4994F002A2}"
EndProject
Project("{8BC9CEB8-8B4A-11D0-8D11-00A0C91BC942}") = "HgLsd", "..\..\..\Engine\BaseEng\Src\HgLsd\HgLsd.vcxproj", "{12BDDEF2-9495-4BDD-991E-77C9C94F13A2}"
EndProject
Project("{8BC9CEB8-8B4A-11D0-8D11-00A0C91BC942}") = "HgBaseBM", "..\..\..\Engine\BaseComp\Src\HgBaseBM\HgBaseBM.vcxproj", "{F83796A8-0F23-154D-55E0-BF8230E5EA19}"
EndProject
Project("{8BC9CEB8-8B4A-11D0-8D11-00A0C91BC942}") = "DrawManage", "..\..\..\Engine\BaseEng\Src\DrawManage\DrawManage.vcxproj", "{61A6F16D-5B3E-90A5-D3B6-C4396C276557}"
EndProject
Project("{8BC9CEB8-8B4A-11D0-8D11-00A0C91BC942}") = "RCModule", "..\..\..\Engine\BaseComp\Src\RCModule\RCModule.vcxproj", "{7CC73ED7-C05E-FD31-8FFA-D427B9C8F068}"
EndProject
Project("{8BC9CEB8-8B4A-11D0-8D11-00A0C91BC942}") = "AFem", "..\..\..\Engine\BaseEng\Src\AFem\AFem.vcxproj", "{CCDB12D0-8007-11C2-AD08-681916349037}"
EndProject
Project("{8BC9CEB8-8B4A-11D0-8D11-00A0C91BC942}") = "HgBaseConc", "..\..\..\Engine\BaseEng\Src\HgBaseConc\HgBaseConc.vcxproj", "{DA394C61-01A4-5F3E-22BE-B9440F14BD9F}"
EndProject
Global
	GlobalSection(SolutionConfigurationPlatforms) = preSolution
		Debug|Win32 = Debug|Win32
		Debug|x64 = Debug|x64
		DebugUnicode|Win32 = DebugUnicode|Win32
		DebugUnicode|x64 = DebugUnicode|x64
		MakeUTF|Win32 = MakeUTF|Win32
		MakeUTF|x64 = MakeUTF|x64
		Release|Win32 = Release|Win32
		Release|x64 = Release|x64
		ReleaseDebug|Win32 = ReleaseDebug|Win32
		ReleaseDebug|x64 = ReleaseDebug|x64
		ReleaseTool|Win32 = ReleaseTool|Win32
		ReleaseTool|x64 = ReleaseTool|x64
		ReleaseUnicode|Win32 = ReleaseUnicode|Win32
		ReleaseUnicode|x64 = ReleaseUnicode|x64
		Template|Win32 = Template|Win32
		Template|x64 = Template|x64
		Unicode Debug|Win32 = Unicode Debug|Win32
		Unicode Debug|x64 = Unicode Debug|x64
		Unicode Release|Win32 = Unicode Release|Win32
		Unicode Release|x64 = Unicode Release|x64
	EndGlobalSection
	GlobalSection(ProjectConfigurationPlatforms) = postSolution
		{0C196B48-0350-60B0-D514-86C8ECAFE9A4}.Debug|Win32.ActiveCfg = Debug|Win32
		{0C196B48-0350-60B0-D514-86C8ECAFE9A4}.Debug|Win32.Build.0 = Debug|Win32
		{0C196B48-0350-60B0-D514-86C8ECAFE9A4}.Debug|x64.ActiveCfg = Debug|Win32
		{0C196B48-0350-60B0-D514-86C8ECAFE9A4}.DebugUnicode|Win32.ActiveCfg = Debug|Win32
		{0C196B48-0350-60B0-D514-86C8ECAFE9A4}.DebugUnicode|Win32.Build.0 = Debug|Win32
		{0C196B48-0350-60B0-D514-86C8ECAFE9A4}.DebugUnicode|x64.ActiveCfg = Debug|Win32
		{0C196B48-0350-60B0-D514-86C8ECAFE9A4}.MakeUTF|Win32.ActiveCfg = Release|Win32
		{0C196B48-0350-60B0-D514-86C8ECAFE9A4}.MakeUTF|Win32.Build.0 = Release|Win32
		{0C196B48-0350-60B0-D514-86C8ECAFE9A4}.MakeUTF|x64.ActiveCfg = Release|Win32
		{0C196B48-0350-60B0-D514-86C8ECAFE9A4}.Release|Win32.ActiveCfg = Release|Win32
		{0C196B48-0350-60B0-D514-86C8ECAFE9A4}.Release|Win32.Build.0 = Release|Win32
		{0C196B48-0350-60B0-D514-86C8ECAFE9A4}.Release|x64.ActiveCfg = Release|Win32
		{0C196B48-0350-60B0-D514-86C8ECAFE9A4}.ReleaseDebug|Win32.ActiveCfg = Debug|Win32
		{0C196B48-0350-60B0-D514-86C8ECAFE9A4}.ReleaseDebug|Win32.Build.0 = Debug|Win32
		{0C196B48-0350-60B0-D514-86C8ECAFE9A4}.ReleaseDebug|x64.ActiveCfg = Release|Win32
		{0C196B48-0350-60B0-D514-86C8ECAFE9A4}.ReleaseTool|Win32.ActiveCfg = Release|Win32
		{0C196B48-0350-60B0-D514-86C8ECAFE9A4}.ReleaseTool|Win32.Build.0 = Release|Win32
		{0C196B48-0350-60B0-D514-86C8ECAFE9A4}.ReleaseTool|x64.ActiveCfg = Release|Win32
		{0C196B48-0350-60B0-D514-86C8ECAFE9A4}.ReleaseUnicode|Win32.ActiveCfg = Release|Win32
		{0C196B48-0350-60B0-D514-86C8ECAFE9A4}.ReleaseUnicode|Win32.Build.0 = Release|Win32
		{0C196B48-0350-60B0-D514-86C8ECAFE9A4}.ReleaseUnicode|x64.ActiveCfg = Release|Win32
		{0C196B48-0350-60B0-D514-86C8ECAFE9A4}.Template|Win32.ActiveCfg = Release|Win32
		{0C196B48-0350-60B0-D514-86C8ECAFE9A4}.Template|Win32.Build.0 = Release|Win32
		{0C196B48-0350-60B0-D514-86C8ECAFE9A4}.Template|x64.ActiveCfg = Release|Win32
		{0C196B48-0350-60B0-D514-86C8ECAFE9A4}.Unicode Debug|Win32.ActiveCfg = Debug|Win32
		{0C196B48-0350-60B0-D514-86C8ECAFE9A4}.Unicode Debug|Win32.Build.0 = Debug|Win32
		{0C196B48-0350-60B0-D514-86C8ECAFE9A4}.Unicode Debug|x64.ActiveCfg = Debug|Win32
		{0C196B48-0350-60B0-D514-86C8ECAFE9A4}.Unicode Release|Win32.ActiveCfg = Release|Win32
		{0C196B48-0350-60B0-D514-86C8ECAFE9A4}.Unicode Release|Win32.Build.0 = Release|Win32
		{0C196B48-0350-60B0-D514-86C8ECAFE9A4}.Unicode Release|x64.ActiveCfg = Release|Win32
		{7D22795C-2234-F61E-F2DF-47D9CC60AF34}.Debug|Win32.ActiveCfg = Debug|Win32
		{7D22795C-2234-F61E-F2DF-47D9CC60AF34}.Debug|Win32.Build.0 = Debug|Win32
		{7D22795C-2234-F61E-F2DF-47D9CC60AF34}.Debug|x64.ActiveCfg = Debug|Win32
		{7D22795C-2234-F61E-F2DF-47D9CC60AF34}.DebugUnicode|Win32.ActiveCfg = Debug|Win32
		{7D22795C-2234-F61E-F2DF-47D9CC60AF34}.DebugUnicode|Win32.Build.0 = Debug|Win32
		{7D22795C-2234-F61E-F2DF-47D9CC60AF34}.DebugUnicode|x64.ActiveCfg = Debug|Win32
		{7D22795C-2234-F61E-F2DF-47D9CC60AF34}.MakeUTF|Win32.ActiveCfg = Template|Win32
		{7D22795C-2234-F61E-F2DF-47D9CC60AF34}.MakeUTF|Win32.Build.0 = Template|Win32
		{7D22795C-2234-F61E-F2DF-47D9CC60AF34}.MakeUTF|x64.ActiveCfg = Template|Win32
		{7D22795C-2234-F61E-F2DF-47D9CC60AF34}.Release|Win32.ActiveCfg = Release|Win32
		{7D22795C-2234-F61E-F2DF-47D9CC60AF34}.Release|Win32.Build.0 = Release|Win32
		{7D22795C-2234-F61E-F2DF-47D9CC60AF34}.Release|x64.ActiveCfg = Release|Win32
		{7D22795C-2234-F61E-F2DF-47D9CC60AF34}.ReleaseDebug|Win32.ActiveCfg = Debug|Win32
		{7D22795C-2234-F61E-F2DF-47D9CC60AF34}.ReleaseDebug|Win32.Build.0 = Debug|Win32
		{7D22795C-2234-F61E-F2DF-47D9CC60AF34}.ReleaseDebug|x64.ActiveCfg = Release|Win32
		{7D22795C-2234-F61E-F2DF-47D9CC60AF34}.ReleaseTool|Win32.ActiveCfg = Release|Win32
		{7D22795C-2234-F61E-F2DF-47D9CC60AF34}.ReleaseTool|Win32.Build.0 = Release|Win32
		{7D22795C-2234-F61E-F2DF-47D9CC60AF34}.ReleaseTool|x64.ActiveCfg = Release|Win32
		{7D22795C-2234-F61E-F2DF-47D9CC60AF34}.ReleaseUnicode|Win32.ActiveCfg = Release|Win32
		{7D22795C-2234-F61E-F2DF-47D9CC60AF34}.ReleaseUnicode|Win32.Build.0 = Release|Win32
		{7D22795C-2234-F61E-F2DF-47D9CC60AF34}.ReleaseUnicode|x64.ActiveCfg = Release|Win32
		{7D22795C-2234-F61E-F2DF-47D9CC60AF34}.Template|Win32.ActiveCfg = Template|Win32
		{7D22795C-2234-F61E-F2DF-47D9CC60AF34}.Template|Win32.Build.0 = Template|Win32
		{7D22795C-2234-F61E-F2DF-47D9CC60AF34}.Template|x64.ActiveCfg = Template|Win32
		{7D22795C-2234-F61E-F2DF-47D9CC60AF34}.Unicode Debug|Win32.ActiveCfg = Debug|Win32
		{7D22795C-2234-F61E-F2DF-47D9CC60AF34}.Unicode Debug|Win32.Build.0 = Debug|Win32
		{7D22795C-2234-F61E-F2DF-47D9CC60AF34}.Unicode Debug|x64.ActiveCfg = Debug|Win32
		{7D22795C-2234-F61E-F2DF-47D9CC60AF34}.Unicode Release|Win32.ActiveCfg = Release|Win32
		{7D22795C-2234-F61E-F2DF-47D9CC60AF34}.Unicode Release|Win32.Build.0 = Release|Win32
		{7D22795C-2234-F61E-F2DF-47D9CC60AF34}.Unicode Release|x64.ActiveCfg = Release|Win32
		{4FEEB97F-4831-349F-5EC2-708DA864E483}.Debug|Win32.ActiveCfg = Debug|Win32
		{4FEEB97F-4831-349F-5EC2-708DA864E483}.Debug|Win32.Build.0 = Debug|Win32
		{4FEEB97F-4831-349F-5EC2-708DA864E483}.Debug|x64.ActiveCfg = Debug|Win32
		{4FEEB97F-4831-349F-5EC2-708DA864E483}.DebugUnicode|Win32.ActiveCfg = Debug|Win32
		{4FEEB97F-4831-349F-5EC2-708DA864E483}.DebugUnicode|Win32.Build.0 = Debug|Win32
		{4FEEB97F-4831-349F-5EC2-708DA864E483}.DebugUnicode|x64.ActiveCfg = Debug|Win32
		{4FEEB97F-4831-349F-5EC2-708DA864E483}.MakeUTF|Win32.ActiveCfg = Template|Win32
		{4FEEB97F-4831-349F-5EC2-708DA864E483}.MakeUTF|Win32.Build.0 = Template|Win32
		{4FEEB97F-4831-349F-5EC2-708DA864E483}.MakeUTF|x64.ActiveCfg = Template|Win32
		{4FEEB97F-4831-349F-5EC2-708DA864E483}.Release|Win32.ActiveCfg = Release|Win32
		{4FEEB97F-4831-349F-5EC2-708DA864E483}.Release|Win32.Build.0 = Release|Win32
		{4FEEB97F-4831-349F-5EC2-708DA864E483}.Release|x64.ActiveCfg = Release|Win32
		{4FEEB97F-4831-349F-5EC2-708DA864E483}.ReleaseDebug|Win32.ActiveCfg = Debug|Win32
		{4FEEB97F-4831-349F-5EC2-708DA864E483}.ReleaseDebug|Win32.Build.0 = Debug|Win32
		{4FEEB97F-4831-349F-5EC2-708DA864E483}.ReleaseDebug|x64.ActiveCfg = Release|Win32
		{4FEEB97F-4831-349F-5EC2-708DA864E483}.ReleaseTool|Win32.ActiveCfg = Release|Win32
		{4FEEB97F-4831-349F-5EC2-708DA864E483}.ReleaseTool|Win32.Build.0 = Release|Win32
		{4FEEB97F-4831-349F-5EC2-708DA864E483}.ReleaseTool|x64.ActiveCfg = Release|Win32
		{4FEEB97F-4831-349F-5EC2-708DA864E483}.ReleaseUnicode|Win32.ActiveCfg = Release|Win32
		{4FEEB97F-4831-349F-5EC2-708DA864E483}.ReleaseUnicode|Win32.Build.0 = Release|Win32
		{4FEEB97F-4831-349F-5EC2-708DA864E483}.ReleaseUnicode|x64.ActiveCfg = Release|Win32
		{4FEEB97F-4831-349F-5EC2-708DA864E483}.Template|Win32.ActiveCfg = Template|Win32
		{4FEEB97F-4831-349F-5EC2-708DA864E483}.Template|Win32.Build.0 = Template|Win32
		{4FEEB97F-4831-349F-5EC2-708DA864E483}.Template|x64.ActiveCfg = Template|Win32
		{4FEEB97F-4831-349F-5EC2-708DA864E483}.Unicode Debug|Win32.ActiveCfg = Debug|Win32
		{4FEEB97F-4831-349F-5EC2-708DA864E483}.Unicode Debug|Win32.Build.0 = Debug|Win32
		{4FEEB97F-4831-349F-5EC2-708DA864E483}.Unicode Debug|x64.ActiveCfg = Debug|Win32
		{4FEEB97F-4831-349F-5EC2-708DA864E483}.Unicode Release|Win32.ActiveCfg = Release|Win32
		{4FEEB97F-4831-349F-5EC2-708DA864E483}.Unicode Release|Win32.Build.0 = Release|Win32
		{4FEEB97F-4831-349F-5EC2-708DA864E483}.Unicode Release|x64.ActiveCfg = Release|Win32
		{20783DA6-FF2D-D45B-B438-118A81F72428}.Debug|Win32.ActiveCfg = Debug|Win32
		{20783DA6-FF2D-D45B-B438-118A81F72428}.Debug|Win32.Build.0 = Debug|Win32
		{20783DA6-FF2D-D45B-B438-118A81F72428}.Debug|x64.ActiveCfg = Debug|Win32
		{20783DA6-FF2D-D45B-B438-118A81F72428}.DebugUnicode|Win32.ActiveCfg = Debug|Win32
		{20783DA6-FF2D-D45B-B438-118A81F72428}.DebugUnicode|Win32.Build.0 = Debug|Win32
		{20783DA6-FF2D-D45B-B438-118A81F72428}.DebugUnicode|x64.ActiveCfg = Debug|Win32
		{20783DA6-FF2D-D45B-B438-118A81F72428}.MakeUTF|Win32.ActiveCfg = Template|Win32
		{20783DA6-FF2D-D45B-B438-118A81F72428}.MakeUTF|Win32.Build.0 = Template|Win32
		{20783DA6-FF2D-D45B-B438-118A81F72428}.MakeUTF|x64.ActiveCfg = Template|Win32
		{20783DA6-FF2D-D45B-B438-118A81F72428}.Release|Win32.ActiveCfg = Release|Win32
		{20783DA6-FF2D-D45B-B438-118A81F72428}.Release|Win32.Build.0 = Release|Win32
		{20783DA6-FF2D-D45B-B438-118A81F72428}.Release|x64.ActiveCfg = Release|Win32
		{20783DA6-FF2D-D45B-B438-118A81F72428}.ReleaseDebug|Win32.ActiveCfg = Debug|Win32
		{20783DA6-FF2D-D45B-B438-118A81F72428}.ReleaseDebug|Win32.Build.0 = Debug|Win32
		{20783DA6-FF2D-D45B-B438-118A81F72428}.ReleaseDebug|x64.ActiveCfg = Release|Win32
		{20783DA6-FF2D-D45B-B438-118A81F72428}.ReleaseTool|Win32.ActiveCfg = Release|Win32
		{20783DA6-FF2D-D45B-B438-118A81F72428}.ReleaseTool|Win32.Build.0 = Release|Win32
		{20783DA6-FF2D-D45B-B438-118A81F72428}.ReleaseTool|x64.ActiveCfg = Release|Win32
		{20783DA6-FF2D-D45B-B438-118A81F72428}.ReleaseUnicode|Win32.ActiveCfg = Release|Win32
		{20783DA6-FF2D-D45B-B438-118A81F72428}.ReleaseUnicode|Win32.Build.0 = Release|Win32
		{20783DA6-FF2D-D45B-B438-118A81F72428}.ReleaseUnicode|x64.ActiveCfg = Release|Win32
		{20783DA6-FF2D-D45B-B438-118A81F72428}.Template|Win32.ActiveCfg = Template|Win32
		{20783DA6-FF2D-D45B-B438-118A81F72428}.Template|Win32.Build.0 = Template|Win32
		{20783DA6-FF2D-D45B-B438-118A81F72428}.Template|x64.ActiveCfg = Template|Win32
		{20783DA6-FF2D-D45B-B438-118A81F72428}.Unicode Debug|Win32.ActiveCfg = Debug|Win32
		{20783DA6-FF2D-D45B-B438-118A81F72428}.Unicode Debug|Win32.Build.0 = Debug|Win32
		{20783DA6-FF2D-D45B-B438-118A81F72428}.Unicode Debug|x64.ActiveCfg = Debug|Win32
		{20783DA6-FF2D-D45B-B438-118A81F72428}.Unicode Release|Win32.ActiveCfg = Release|Win32
		{20783DA6-FF2D-D45B-B438-118A81F72428}.Unicode Release|Win32.Build.0 = Release|Win32
		{20783DA6-FF2D-D45B-B438-118A81F72428}.Unicode Release|x64.ActiveCfg = Release|Win32
		{1C0B2BA4-CDC2-CC9C-3B0D-CE41C1666986}.Debug|Win32.ActiveCfg = Debug|Win32
		{1C0B2BA4-CDC2-CC9C-3B0D-CE41C1666986}.Debug|Win32.Build.0 = Debug|Win32
		{1C0B2BA4-CDC2-CC9C-3B0D-CE41C1666986}.Debug|x64.ActiveCfg = Debug|Win32
		{1C0B2BA4-CDC2-CC9C-3B0D-CE41C1666986}.DebugUnicode|Win32.ActiveCfg = Debug|Win32
		{1C0B2BA4-CDC2-CC9C-3B0D-CE41C1666986}.DebugUnicode|Win32.Build.0 = Debug|Win32
		{1C0B2BA4-CDC2-CC9C-3B0D-CE41C1666986}.DebugUnicode|x64.ActiveCfg = Debug|Win32
		{1C0B2BA4-CDC2-CC9C-3B0D-CE41C1666986}.MakeUTF|Win32.ActiveCfg = Template|Win32
		{1C0B2BA4-CDC2-CC9C-3B0D-CE41C1666986}.MakeUTF|Win32.Build.0 = Template|Win32
		{1C0B2BA4-CDC2-CC9C-3B0D-CE41C1666986}.MakeUTF|x64.ActiveCfg = Template|Win32
		{1C0B2BA4-CDC2-CC9C-3B0D-CE41C1666986}.Release|Win32.ActiveCfg = Release|Win32
		{1C0B2BA4-CDC2-CC9C-3B0D-CE41C1666986}.Release|Win32.Build.0 = Release|Win32
		{1C0B2BA4-CDC2-CC9C-3B0D-CE41C1666986}.Release|x64.ActiveCfg = Release|Win32
		{1C0B2BA4-CDC2-CC9C-3B0D-CE41C1666986}.ReleaseDebug|Win32.ActiveCfg = Debug|Win32
		{1C0B2BA4-CDC2-CC9C-3B0D-CE41C1666986}.ReleaseDebug|Win32.Build.0 = Debug|Win32
		{1C0B2BA4-CDC2-CC9C-3B0D-CE41C1666986}.ReleaseDebug|x64.ActiveCfg = Release|Win32
		{1C0B2BA4-CDC2-CC9C-3B0D-CE41C1666986}.ReleaseTool|Win32.ActiveCfg = Release|Win32
		{1C0B2BA4-CDC2-CC9C-3B0D-CE41C1666986}.ReleaseTool|Win32.Build.0 = Release|Win32
		{1C0B2BA4-CDC2-CC9C-3B0D-CE41C1666986}.ReleaseTool|x64.ActiveCfg = Release|Win32
		{1C0B2BA4-CDC2-CC9C-3B0D-CE41C1666986}.ReleaseUnicode|Win32.ActiveCfg = Release|Win32
		{1C0B2BA4-CDC2-CC9C-3B0D-CE41C1666986}.ReleaseUnicode|Win32.Build.0 = Release|Win32
		{1C0B2BA4-CDC2-CC9C-3B0D-CE41C1666986}.ReleaseUnicode|x64.ActiveCfg = Release|Win32
		{1C0B2BA4-CDC2-CC9C-3B0D-CE41C1666986}.Template|Win32.ActiveCfg = Template|Win32
		{1C0B2BA4-CDC2-CC9C-3B0D-CE41C1666986}.Template|Win32.Build.0 = Template|Win32
		{1C0B2BA4-CDC2-CC9C-3B0D-CE41C1666986}.Template|x64.ActiveCfg = Template|Win32
		{1C0B2BA4-CDC2-CC9C-3B0D-CE41C1666986}.Unicode Debug|Win32.ActiveCfg = Debug|Win32
		{1C0B2BA4-CDC2-CC9C-3B0D-CE41C1666986}.Unicode Debug|Win32.Build.0 = Debug|Win32
		{1C0B2BA4-CDC2-CC9C-3B0D-CE41C1666986}.Unicode Debug|x64.ActiveCfg = Debug|Win32
		{1C0B2BA4-CDC2-CC9C-3B0D-CE41C1666986}.Unicode Release|Win32.ActiveCfg = Release|Win32
		{1C0B2BA4-CDC2-CC9C-3B0D-CE41C1666986}.Unicode Release|Win32.Build.0 = Release|Win32
		{1C0B2BA4-CDC2-CC9C-3B0D-CE41C1666986}.Unicode Release|x64.ActiveCfg = Release|Win32
		{8D10A1BB-4411-6DEF-1274-0449FED7E4DB}.Debug|Win32.ActiveCfg = Debug|Win32
		{8D10A1BB-4411-6DEF-1274-0449FED7E4DB}.Debug|Win32.Build.0 = Debug|Win32
		{8D10A1BB-4411-6DEF-1274-0449FED7E4DB}.Debug|x64.ActiveCfg = Debug|Win32
		{8D10A1BB-4411-6DEF-1274-0449FED7E4DB}.DebugUnicode|Win32.ActiveCfg = Debug|Win32
		{8D10A1BB-4411-6DEF-1274-0449FED7E4DB}.DebugUnicode|Win32.Build.0 = Debug|Win32
		{8D10A1BB-4411-6DEF-1274-0449FED7E4DB}.DebugUnicode|x64.ActiveCfg = Debug|Win32
		{8D10A1BB-4411-6DEF-1274-0449FED7E4DB}.MakeUTF|Win32.ActiveCfg = Template|Win32
		{8D10A1BB-4411-6DEF-1274-0449FED7E4DB}.MakeUTF|Win32.Build.0 = Template|Win32
		{8D10A1BB-4411-6DEF-1274-0449FED7E4DB}.MakeUTF|x64.ActiveCfg = Template|Win32
		{8D10A1BB-4411-6DEF-1274-0449FED7E4DB}.Release|Win32.ActiveCfg = Release|Win32
		{8D10A1BB-4411-6DEF-1274-0449FED7E4DB}.Release|Win32.Build.0 = Release|Win32
		{8D10A1BB-4411-6DEF-1274-0449FED7E4DB}.Release|x64.ActiveCfg = Release|Win32
		{8D10A1BB-4411-6DEF-1274-0449FED7E4DB}.ReleaseDebug|Win32.ActiveCfg = Debug|Win32
		{8D10A1BB-4411-6DEF-1274-0449FED7E4DB}.ReleaseDebug|Win32.Build.0 = Debug|Win32
		{8D10A1BB-4411-6DEF-1274-0449FED7E4DB}.ReleaseDebug|x64.ActiveCfg = Release|Win32
		{8D10A1BB-4411-6DEF-1274-0449FED7E4DB}.ReleaseTool|Win32.ActiveCfg = Release|Win32
		{8D10A1BB-4411-6DEF-1274-0449FED7E4DB}.ReleaseTool|Win32.Build.0 = Release|Win32
		{8D10A1BB-4411-6DEF-1274-0449FED7E4DB}.ReleaseTool|x64.ActiveCfg = Release|Win32
		{8D10A1BB-4411-6DEF-1274-0449FED7E4DB}.ReleaseUnicode|Win32.ActiveCfg = Release|Win32
		{8D10A1BB-4411-6DEF-1274-0449FED7E4DB}.ReleaseUnicode|Win32.Build.0 = Release|Win32
		{8D10A1BB-4411-6DEF-1274-0449FED7E4DB}.ReleaseUnicode|x64.ActiveCfg = Release|Win32
		{8D10A1BB-4411-6DEF-1274-0449FED7E4DB}.Template|Win32.ActiveCfg = Template|Win32
		{8D10A1BB-4411-6DEF-1274-0449FED7E4DB}.Template|Win32.Build.0 = Template|Win32
		{8D10A1BB-4411-6DEF-1274-0449FED7E4DB}.Template|x64.ActiveCfg = Template|Win32
		{8D10A1BB-4411-6DEF-1274-0449FED7E4DB}.Unicode Debug|Win32.ActiveCfg = Debug|Win32
		{8D10A1BB-4411-6DEF-1274-0449FED7E4DB}.Unicode Debug|Win32.Build.0 = Debug|Win32
		{8D10A1BB-4411-6DEF-1274-0449FED7E4DB}.Unicode Debug|x64.ActiveCfg = Debug|Win32
		{8D10A1BB-4411-6DEF-1274-0449FED7E4DB}.Unicode Release|Win32.ActiveCfg = Release|Win32
		{8D10A1BB-4411-6DEF-1274-0449FED7E4DB}.Unicode Release|Win32.Build.0 = Release|Win32
		{8D10A1BB-4411-6DEF-1274-0449FED7E4DB}.Unicode Release|x64.ActiveCfg = Release|Win32
		{F949FD5C-77C5-F5A0-C30B-998E4179CC37}.Debug|Win32.ActiveCfg = Debug|Win32
		{F949FD5C-77C5-F5A0-C30B-998E4179CC37}.Debug|Win32.Build.0 = Debug|Win32
		{F949FD5C-77C5-F5A0-C30B-998E4179CC37}.Debug|x64.ActiveCfg = Debug|Win32
		{F949FD5C-77C5-F5A0-C30B-998E4179CC37}.DebugUnicode|Win32.ActiveCfg = Debug|Win32
		{F949FD5C-77C5-F5A0-C30B-998E4179CC37}.DebugUnicode|Win32.Build.0 = Debug|Win32
		{F949FD5C-77C5-F5A0-C30B-998E4179CC37}.DebugUnicode|x64.ActiveCfg = Debug|Win32
		{F949FD5C-77C5-F5A0-C30B-998E4179CC37}.MakeUTF|Win32.ActiveCfg = Template|Win32
		{F949FD5C-77C5-F5A0-C30B-998E4179CC37}.MakeUTF|Win32.Build.0 = Template|Win32
		{F949FD5C-77C5-F5A0-C30B-998E4179CC37}.MakeUTF|x64.ActiveCfg = Template|Win32
		{F949FD5C-77C5-F5A0-C30B-998E4179CC37}.Release|Win32.ActiveCfg = Release|Win32
		{F949FD5C-77C5-F5A0-C30B-998E4179CC37}.Release|Win32.Build.0 = Release|Win32
		{F949FD5C-77C5-F5A0-C30B-998E4179CC37}.Release|x64.ActiveCfg = Release|Win32
		{F949FD5C-77C5-F5A0-C30B-998E4179CC37}.ReleaseDebug|Win32.ActiveCfg = Debug|Win32
		{F949FD5C-77C5-F5A0-C30B-998E4179CC37}.ReleaseDebug|Win32.Build.0 = Debug|Win32
		{F949FD5C-77C5-F5A0-C30B-998E4179CC37}.ReleaseDebug|x64.ActiveCfg = Release|Win32
		{F949FD5C-77C5-F5A0-C30B-998E4179CC37}.ReleaseTool|Win32.ActiveCfg = Release|Win32
		{F949FD5C-77C5-F5A0-C30B-998E4179CC37}.ReleaseTool|Win32.Build.0 = Release|Win32
		{F949FD5C-77C5-F5A0-C30B-998E4179CC37}.ReleaseTool|x64.ActiveCfg = Release|Win32
		{F949FD5C-77C5-F5A0-C30B-998E4179CC37}.ReleaseUnicode|Win32.ActiveCfg = Release|Win32
		{F949FD5C-77C5-F5A0-C30B-998E4179CC37}.ReleaseUnicode|Win32.Build.0 = Release|Win32
		{F949FD5C-77C5-F5A0-C30B-998E4179CC37}.ReleaseUnicode|x64.ActiveCfg = Release|Win32
		{F949FD5C-77C5-F5A0-C30B-998E4179CC37}.Template|Win32.ActiveCfg = Template|Win32
		{F949FD5C-77C5-F5A0-C30B-998E4179CC37}.Template|Win32.Build.0 = Template|Win32
		{F949FD5C-77C5-F5A0-C30B-998E4179CC37}.Template|x64.ActiveCfg = Template|Win32
		{F949FD5C-77C5-F5A0-C30B-998E4179CC37}.Unicode Debug|Win32.ActiveCfg = Debug|Win32
		{F949FD5C-77C5-F5A0-C30B-998E4179CC37}.Unicode Debug|Win32.Build.0 = Debug|Win32
		{F949FD5C-77C5-F5A0-C30B-998E4179CC37}.Unicode Debug|x64.ActiveCfg = Debug|Win32
		{F949FD5C-77C5-F5A0-C30B-998E4179CC37}.Unicode Release|Win32.ActiveCfg = Release|Win32
		{F949FD5C-77C5-F5A0-C30B-998E4179CC37}.Unicode Release|Win32.Build.0 = Release|Win32
		{F949FD5C-77C5-F5A0-C30B-998E4179CC37}.Unicode Release|x64.ActiveCfg = Release|Win32
		{1BBC4D84-D765-6407-7E09-939C76FA169F}.Debug|Win32.ActiveCfg = Debug|Win32
		{1BBC4D84-D765-6407-7E09-939C76FA169F}.Debug|Win32.Build.0 = Debug|Win32
		{1BBC4D84-D765-6407-7E09-939C76FA169F}.Debug|x64.ActiveCfg = Debug|Win32
		{1BBC4D84-D765-6407-7E09-939C76FA169F}.DebugUnicode|Win32.ActiveCfg = Debug|Win32
		{1BBC4D84-D765-6407-7E09-939C76FA169F}.DebugUnicode|Win32.Build.0 = Debug|Win32
		{1BBC4D84-D765-6407-7E09-939C76FA169F}.DebugUnicode|x64.ActiveCfg = Debug|Win32
		{1BBC4D84-D765-6407-7E09-939C76FA169F}.MakeUTF|Win32.ActiveCfg = Template|Win32
		{1BBC4D84-D765-6407-7E09-939C76FA169F}.MakeUTF|Win32.Build.0 = Template|Win32
		{1BBC4D84-D765-6407-7E09-939C76FA169F}.MakeUTF|x64.ActiveCfg = Template|Win32
		{1BBC4D84-D765-6407-7E09-939C76FA169F}.Release|Win32.ActiveCfg = Release|Win32
		{1BBC4D84-D765-6407-7E09-939C76FA169F}.Release|Win32.Build.0 = Release|Win32
		{1BBC4D84-D765-6407-7E09-939C76FA169F}.Release|x64.ActiveCfg = Release|Win32
		{1BBC4D84-D765-6407-7E09-939C76FA169F}.ReleaseDebug|Win32.ActiveCfg = Debug|Win32
		{1BBC4D84-D765-6407-7E09-939C76FA169F}.ReleaseDebug|Win32.Build.0 = Debug|Win32
		{1BBC4D84-D765-6407-7E09-939C76FA169F}.ReleaseDebug|x64.ActiveCfg = Release|Win32
		{1BBC4D84-D765-6407-7E09-939C76FA169F}.ReleaseTool|Win32.ActiveCfg = Release|Win32
		{1BBC4D84-D765-6407-7E09-939C76FA169F}.ReleaseTool|Win32.Build.0 = Release|Win32
		{1BBC4D84-D765-6407-7E09-939C76FA169F}.ReleaseTool|x64.ActiveCfg = Release|Win32
		{1BBC4D84-D765-6407-7E09-939C76FA169F}.ReleaseUnicode|Win32.ActiveCfg = Release|Win32
		{1BBC4D84-D765-6407-7E09-939C76FA169F}.ReleaseUnicode|Win32.Build.0 = Release|Win32
		{1BBC4D84-D765-6407-7E09-939C76FA169F}.ReleaseUnicode|x64.ActiveCfg = Release|Win32
		{1BBC4D84-D765-6407-7E09-939C76FA169F}.Template|Win32.ActiveCfg = Template|Win32
		{1BBC4D84-D765-6407-7E09-939C76FA169F}.Template|Win32.Build.0 = Template|Win32
		{1BBC4D84-D765-6407-7E09-939C76FA169F}.Template|x64.ActiveCfg = Template|Win32
		{1BBC4D84-D765-6407-7E09-939C76FA169F}.Unicode Debug|Win32.ActiveCfg = Debug|Win32
		{1BBC4D84-D765-6407-7E09-939C76FA169F}.Unicode Debug|Win32.Build.0 = Debug|Win32
		{1BBC4D84-D765-6407-7E09-939C76FA169F}.Unicode Debug|x64.ActiveCfg = Debug|Win32
		{1BBC4D84-D765-6407-7E09-939C76FA169F}.Unicode Release|Win32.ActiveCfg = Release|Win32
		{1BBC4D84-D765-6407-7E09-939C76FA169F}.Unicode Release|Win32.Build.0 = Release|Win32
		{1BBC4D84-D765-6407-7E09-939C76FA169F}.Unicode Release|x64.ActiveCfg = Release|Win32
		{0546DC3F-AC17-2321-276B-DE6B06B522D5}.Debug|Win32.ActiveCfg = Debug|Win32
		{0546DC3F-AC17-2321-276B-DE6B06B522D5}.Debug|Win32.Build.0 = Debug|Win32
		{0546DC3F-AC17-2321-276B-DE6B06B522D5}.Debug|x64.ActiveCfg = Debug|Win32
		{0546DC3F-AC17-2321-276B-DE6B06B522D5}.DebugUnicode|Win32.ActiveCfg = Debug|Win32
		{0546DC3F-AC17-2321-276B-DE6B06B522D5}.DebugUnicode|Win32.Build.0 = Debug|Win32
		{0546DC3F-AC17-2321-276B-DE6B06B522D5}.DebugUnicode|x64.ActiveCfg = Debug|Win32
		{0546DC3F-AC17-2321-276B-DE6B06B522D5}.MakeUTF|Win32.ActiveCfg = Template|Win32
		{0546DC3F-AC17-2321-276B-DE6B06B522D5}.MakeUTF|Win32.Build.0 = Template|Win32
		{0546DC3F-AC17-2321-276B-DE6B06B522D5}.MakeUTF|x64.ActiveCfg = Template|Win32
		{0546DC3F-AC17-2321-276B-DE6B06B522D5}.Release|Win32.ActiveCfg = Release|Win32
		{0546DC3F-AC17-2321-276B-DE6B06B522D5}.Release|Win32.Build.0 = Release|Win32
		{0546DC3F-AC17-2321-276B-DE6B06B522D5}.Release|x64.ActiveCfg = Release|Win32
		{0546DC3F-AC17-2321-276B-DE6B06B522D5}.ReleaseDebug|Win32.ActiveCfg = Debug|Win32
		{0546DC3F-AC17-2321-276B-DE6B06B522D5}.ReleaseDebug|Win32.Build.0 = Debug|Win32
		{0546DC3F-AC17-2321-276B-DE6B06B522D5}.ReleaseDebug|x64.ActiveCfg = Release|Win32
		{0546DC3F-AC17-2321-276B-DE6B06B522D5}.ReleaseTool|Win32.ActiveCfg = Release|Win32
		{0546DC3F-AC17-2321-276B-DE6B06B522D5}.ReleaseTool|Win32.Build.0 = Release|Win32
		{0546DC3F-AC17-2321-276B-DE6B06B522D5}.ReleaseTool|x64.ActiveCfg = Release|Win32
		{0546DC3F-AC17-2321-276B-DE6B06B522D5}.ReleaseUnicode|Win32.ActiveCfg = Release|Win32
		{0546DC3F-AC17-2321-276B-DE6B06B522D5}.ReleaseUnicode|Win32.Build.0 = Release|Win32
		{0546DC3F-AC17-2321-276B-DE6B06B522D5}.ReleaseUnicode|x64.ActiveCfg = Release|Win32
		{0546DC3F-AC17-2321-276B-DE6B06B522D5}.Template|Win32.ActiveCfg = Template|Win32
		{0546DC3F-AC17-2321-276B-DE6B06B522D5}.Template|Win32.Build.0 = Template|Win32
		{0546DC3F-AC17-2321-276B-DE6B06B522D5}.Template|x64.ActiveCfg = Template|Win32
		{0546DC3F-AC17-2321-276B-DE6B06B522D5}.Unicode Debug|Win32.ActiveCfg = Debug|Win32
		{0546DC3F-AC17-2321-276B-DE6B06B522D5}.Unicode Debug|Win32.Build.0 = Debug|Win32
		{0546DC3F-AC17-2321-276B-DE6B06B522D5}.Unicode Debug|x64.ActiveCfg = Debug|Win32
		{0546DC3F-AC17-2321-276B-DE6B06B522D5}.Unicode Release|Win32.ActiveCfg = Release|Win32
		{0546DC3F-AC17-2321-276B-DE6B06B522D5}.Unicode Release|Win32.Build.0 = Release|Win32
		{0546DC3F-AC17-2321-276B-DE6B06B522D5}.Unicode Release|x64.ActiveCfg = Release|Win32
		{264B1953-1B1A-5E41-A66F-B838A28D4F9A}.Debug|Win32.ActiveCfg = Debug|Win32
		{264B1953-1B1A-5E41-A66F-B838A28D4F9A}.Debug|x64.ActiveCfg = Debug|x64
		{264B1953-1B1A-5E41-A66F-B838A28D4F9A}.Debug|x64.Build.0 = Debug|x64
		{264B1953-1B1A-5E41-A66F-B838A28D4F9A}.DebugUnicode|Win32.ActiveCfg = DebugUnicode|Win32
		{264B1953-1B1A-5E41-A66F-B838A28D4F9A}.DebugUnicode|x64.ActiveCfg = DebugUnicode|x64
		{264B1953-1B1A-5E41-A66F-B838A28D4F9A}.DebugUnicode|x64.Build.0 = DebugUnicode|x64
		{264B1953-1B1A-5E41-A66F-B838A28D4F9A}.MakeUTF|Win32.ActiveCfg = Template|x64
		{264B1953-1B1A-5E41-A66F-B838A28D4F9A}.MakeUTF|x64.ActiveCfg = Template|x64
		{264B1953-1B1A-5E41-A66F-B838A28D4F9A}.MakeUTF|x64.Build.0 = Template|x64
		{264B1953-1B1A-5E41-A66F-B838A28D4F9A}.Release|Win32.ActiveCfg = Release|Win32
		{264B1953-1B1A-5E41-A66F-B838A28D4F9A}.Release|x64.ActiveCfg = Release|x64
		{264B1953-1B1A-5E41-A66F-B838A28D4F9A}.Release|x64.Build.0 = Release|x64
		{264B1953-1B1A-5E41-A66F-B838A28D4F9A}.ReleaseDebug|Win32.ActiveCfg = Debug|Win32
		{264B1953-1B1A-5E41-A66F-B838A28D4F9A}.ReleaseDebug|Win32.Build.0 = Debug|Win32
		{264B1953-1B1A-5E41-A66F-B838A28D4F9A}.ReleaseDebug|x64.ActiveCfg = Debug|x64
		{264B1953-1B1A-5E41-A66F-B838A28D4F9A}.ReleaseDebug|x64.Build.0 = Debug|x64
		{264B1953-1B1A-5E41-A66F-B838A28D4F9A}.ReleaseTool|Win32.ActiveCfg = ReleaseTool|Win32
		{264B1953-1B1A-5E41-A66F-B838A28D4F9A}.ReleaseTool|Win32.Build.0 = ReleaseTool|Win32
		{264B1953-1B1A-5E41-A66F-B838A28D4F9A}.ReleaseTool|x64.ActiveCfg = ReleaseTool|x64
		{264B1953-1B1A-5E41-A66F-B838A28D4F9A}.ReleaseTool|x64.Build.0 = ReleaseTool|x64
		{264B1953-1B1A-5E41-A66F-B838A28D4F9A}.ReleaseUnicode|Win32.ActiveCfg = ReleaseUnicode|Win32
		{264B1953-1B1A-5E41-A66F-B838A28D4F9A}.ReleaseUnicode|Win32.Build.0 = ReleaseUnicode|Win32
		{264B1953-1B1A-5E41-A66F-B838A28D4F9A}.ReleaseUnicode|x64.ActiveCfg = ReleaseUnicode|x64
		{264B1953-1B1A-5E41-A66F-B838A28D4F9A}.ReleaseUnicode|x64.Build.0 = ReleaseUnicode|x64
		{264B1953-1B1A-5E41-A66F-B838A28D4F9A}.Template|Win32.ActiveCfg = Template|Win32
		{264B1953-1B1A-5E41-A66F-B838A28D4F9A}.Template|Win32.Build.0 = Template|Win32
		{264B1953-1B1A-5E41-A66F-B838A28D4F9A}.Template|x64.ActiveCfg = Template|x64
		{264B1953-1B1A-5E41-A66F-B838A28D4F9A}.Template|x64.Build.0 = Template|x64
		{264B1953-1B1A-5E41-A66F-B838A28D4F9A}.Unicode Debug|Win32.ActiveCfg = Debug|Win32
		{264B1953-1B1A-5E41-A66F-B838A28D4F9A}.Unicode Debug|Win32.Build.0 = Debug|Win32
		{264B1953-1B1A-5E41-A66F-B838A28D4F9A}.Unicode Debug|x64.ActiveCfg = Debug|x64
		{264B1953-1B1A-5E41-A66F-B838A28D4F9A}.Unicode Debug|x64.Build.0 = Debug|x64
		{264B1953-1B1A-5E41-A66F-B838A28D4F9A}.Unicode Release|Win32.ActiveCfg = Release|Win32
		{264B1953-1B1A-5E41-A66F-B838A28D4F9A}.Unicode Release|Win32.Build.0 = Release|Win32
		{264B1953-1B1A-5E41-A66F-B838A28D4F9A}.Unicode Release|x64.ActiveCfg = Release|x64
		{264B1953-1B1A-5E41-A66F-B838A28D4F9A}.Unicode Release|x64.Build.0 = Release|x64
		{67F34F6A-E27A-F922-1161-DD889AFD7DDE}.Debug|Win32.ActiveCfg = Debug|Win32
		{67F34F6A-E27A-F922-1161-DD889AFD7DDE}.Debug|x64.ActiveCfg = Debug|x64
		{67F34F6A-E27A-F922-1161-DD889AFD7DDE}.Debug|x64.Build.0 = Debug|x64
		{67F34F6A-E27A-F922-1161-DD889AFD7DDE}.DebugUnicode|Win32.ActiveCfg = DebugUnicode|Win32
		{67F34F6A-E27A-F922-1161-DD889AFD7DDE}.DebugUnicode|x64.ActiveCfg = DebugUnicode|x64
		{67F34F6A-E27A-F922-1161-DD889AFD7DDE}.DebugUnicode|x64.Build.0 = DebugUnicode|x64
		{67F34F6A-E27A-F922-1161-DD889AFD7DDE}.MakeUTF|Win32.ActiveCfg = ReleaseUnicode|Win32
		{67F34F6A-E27A-F922-1161-DD889AFD7DDE}.MakeUTF|Win32.Build.0 = ReleaseUnicode|Win32
		{67F34F6A-E27A-F922-1161-DD889AFD7DDE}.MakeUTF|x64.ActiveCfg = Template|x64
		{67F34F6A-E27A-F922-1161-DD889AFD7DDE}.MakeUTF|x64.Build.0 = Template|x64
		{67F34F6A-E27A-F922-1161-DD889AFD7DDE}.Release|Win32.ActiveCfg = Release|Win32
		{67F34F6A-E27A-F922-1161-DD889AFD7DDE}.Release|x64.ActiveCfg = Release|x64
		{67F34F6A-E27A-F922-1161-DD889AFD7DDE}.Release|x64.Build.0 = Release|x64
		{67F34F6A-E27A-F922-1161-DD889AFD7DDE}.ReleaseDebug|Win32.ActiveCfg = Debug|Win32
		{67F34F6A-E27A-F922-1161-DD889AFD7DDE}.ReleaseDebug|Win32.Build.0 = Debug|Win32
		{67F34F6A-E27A-F922-1161-DD889AFD7DDE}.ReleaseDebug|x64.ActiveCfg = Debug|x64
		{67F34F6A-E27A-F922-1161-DD889AFD7DDE}.ReleaseDebug|x64.Build.0 = Debug|x64
		{67F34F6A-E27A-F922-1161-DD889AFD7DDE}.ReleaseTool|Win32.ActiveCfg = ReleaseTool|Win32
		{67F34F6A-E27A-F922-1161-DD889AFD7DDE}.ReleaseTool|Win32.Build.0 = ReleaseTool|Win32
		{67F34F6A-E27A-F922-1161-DD889AFD7DDE}.ReleaseTool|x64.ActiveCfg = ReleaseTool|x64
		{67F34F6A-E27A-F922-1161-DD889AFD7DDE}.ReleaseTool|x64.Build.0 = ReleaseTool|x64
		{67F34F6A-E27A-F922-1161-DD889AFD7DDE}.ReleaseUnicode|Win32.ActiveCfg = ReleaseUnicode|Win32
		{67F34F6A-E27A-F922-1161-DD889AFD7DDE}.ReleaseUnicode|Win32.Build.0 = ReleaseUnicode|Win32
		{67F34F6A-E27A-F922-1161-DD889AFD7DDE}.ReleaseUnicode|x64.ActiveCfg = ReleaseUnicode|x64
		{67F34F6A-E27A-F922-1161-DD889AFD7DDE}.ReleaseUnicode|x64.Build.0 = ReleaseUnicode|x64
		{67F34F6A-E27A-F922-1161-DD889AFD7DDE}.Template|Win32.ActiveCfg = Template|Win32
		{67F34F6A-E27A-F922-1161-DD889AFD7DDE}.Template|Win32.Build.0 = Template|Win32
		{67F34F6A-E27A-F922-1161-DD889AFD7DDE}.Template|x64.ActiveCfg = Template|x64
		{67F34F6A-E27A-F922-1161-DD889AFD7DDE}.Template|x64.Build.0 = Template|x64
		{67F34F6A-E27A-F922-1161-DD889AFD7DDE}.Unicode Debug|Win32.ActiveCfg = Debug|Win32
		{67F34F6A-E27A-F922-1161-DD889AFD7DDE}.Unicode Debug|Win32.Build.0 = Debug|Win32
		{67F34F6A-E27A-F922-1161-DD889AFD7DDE}.Unicode Debug|x64.ActiveCfg = Debug|x64
		{67F34F6A-E27A-F922-1161-DD889AFD7DDE}.Unicode Debug|x64.Build.0 = Debug|x64
		{67F34F6A-E27A-F922-1161-DD889AFD7DDE}.Unicode Release|Win32.ActiveCfg = Release|Win32
		{67F34F6A-E27A-F922-1161-DD889AFD7DDE}.Unicode Release|Win32.Build.0 = Release|Win32
		{67F34F6A-E27A-F922-1161-DD889AFD7DDE}.Unicode Release|x64.ActiveCfg = Release|x64
		{67F34F6A-E27A-F922-1161-DD889AFD7DDE}.Unicode Release|x64.Build.0 = Release|x64
		{8BC7ED05-5676-A9F2-C977-F28181559424}.Debug|Win32.ActiveCfg = Debug|Win32
		{8BC7ED05-5676-A9F2-C977-F28181559424}.Debug|x64.ActiveCfg = Debug|Win32
		{8BC7ED05-5676-A9F2-C977-F28181559424}.DebugUnicode|Win32.ActiveCfg = DebugUnicode|Win32
		{8BC7ED05-5676-A9F2-C977-F28181559424}.DebugUnicode|x64.ActiveCfg = DebugUnicode|Win32
		{8BC7ED05-5676-A9F2-C977-F28181559424}.MakeUTF|Win32.ActiveCfg = ReleaseUnicode|Win32
		{8BC7ED05-5676-A9F2-C977-F28181559424}.MakeUTF|Win32.Build.0 = ReleaseUnicode|Win32
		{8BC7ED05-5676-A9F2-C977-F28181559424}.MakeUTF|x64.ActiveCfg = ReleaseUnicode|Win32
		{8BC7ED05-5676-A9F2-C977-F28181559424}.Release|Win32.ActiveCfg = Release|Win32
		{8BC7ED05-5676-A9F2-C977-F28181559424}.Release|x64.ActiveCfg = Release|Win32
		{8BC7ED05-5676-A9F2-C977-F28181559424}.ReleaseDebug|Win32.ActiveCfg = Debug|Win32
		{8BC7ED05-5676-A9F2-C977-F28181559424}.ReleaseDebug|Win32.Build.0 = Debug|Win32
		{8BC7ED05-5676-A9F2-C977-F28181559424}.ReleaseDebug|x64.ActiveCfg = ReleaseUnicode|Win32
		{8BC7ED05-5676-A9F2-C977-F28181559424}.ReleaseTool|Win32.ActiveCfg = ReleaseTool|Win32
		{8BC7ED05-5676-A9F2-C977-F28181559424}.ReleaseTool|Win32.Build.0 = ReleaseTool|Win32
		{8BC7ED05-5676-A9F2-C977-F28181559424}.ReleaseTool|x64.ActiveCfg = ReleaseTool|Win32
		{8BC7ED05-5676-A9F2-C977-F28181559424}.ReleaseUnicode|Win32.ActiveCfg = ReleaseUnicode|Win32
		{8BC7ED05-5676-A9F2-C977-F28181559424}.ReleaseUnicode|Win32.Build.0 = ReleaseUnicode|Win32
		{8BC7ED05-5676-A9F2-C977-F28181559424}.ReleaseUnicode|x64.ActiveCfg = ReleaseUnicode|Win32
		{8BC7ED05-5676-A9F2-C977-F28181559424}.Template|Win32.ActiveCfg = Template|Win32
		{8BC7ED05-5676-A9F2-C977-F28181559424}.Template|Win32.Build.0 = Template|Win32
		{8BC7ED05-5676-A9F2-C977-F28181559424}.Template|x64.ActiveCfg = Template|Win32
		{8BC7ED05-5676-A9F2-C977-F28181559424}.Unicode Debug|Win32.ActiveCfg = Debug|Win32
		{8BC7ED05-5676-A9F2-C977-F28181559424}.Unicode Debug|Win32.Build.0 = Debug|Win32
		{8BC7ED05-5676-A9F2-C977-F28181559424}.Unicode Debug|x64.ActiveCfg = Debug|Win32
		{8BC7ED05-5676-A9F2-C977-F28181559424}.Unicode Release|Win32.ActiveCfg = Release|Win32
		{8BC7ED05-5676-A9F2-C977-F28181559424}.Unicode Release|Win32.Build.0 = Release|Win32
		{8BC7ED05-5676-A9F2-C977-F28181559424}.Unicode Release|x64.ActiveCfg = Release|Win32
		{BB2282CE-370C-9882-28D0-B77FDCEC3402}.Debug|Win32.ActiveCfg = Debug|Win32
		{BB2282CE-370C-9882-28D0-B77FDCEC3402}.Debug|x64.ActiveCfg = Debug|x64
		{BB2282CE-370C-9882-28D0-B77FDCEC3402}.Debug|x64.Build.0 = Debug|x64
		{BB2282CE-370C-9882-28D0-B77FDCEC3402}.DebugUnicode|Win32.ActiveCfg = DebugUnicode|Win32
		{BB2282CE-370C-9882-28D0-B77FDCEC3402}.DebugUnicode|Win32.Build.0 = DebugUnicode|Win32
		{BB2282CE-370C-9882-28D0-B77FDCEC3402}.DebugUnicode|x64.ActiveCfg = DebugUnicode|x64
		{BB2282CE-370C-9882-28D0-B77FDCEC3402}.DebugUnicode|x64.Build.0 = DebugUnicode|x64
		{BB2282CE-370C-9882-28D0-B77FDCEC3402}.MakeUTF|Win32.ActiveCfg = Template|x64
		{BB2282CE-370C-9882-28D0-B77FDCEC3402}.MakeUTF|x64.ActiveCfg = Template|x64
		{BB2282CE-370C-9882-28D0-B77FDCEC3402}.MakeUTF|x64.Build.0 = Template|x64
		{BB2282CE-370C-9882-28D0-B77FDCEC3402}.Release|Win32.ActiveCfg = Release|Win32
		{BB2282CE-370C-9882-28D0-B77FDCEC3402}.Release|x64.ActiveCfg = Release|x64
		{BB2282CE-370C-9882-28D0-B77FDCEC3402}.Release|x64.Build.0 = Release|x64
		{BB2282CE-370C-9882-28D0-B77FDCEC3402}.ReleaseDebug|Win32.ActiveCfg = Debug|Win32
		{BB2282CE-370C-9882-28D0-B77FDCEC3402}.ReleaseDebug|Win32.Build.0 = Debug|Win32
		{BB2282CE-370C-9882-28D0-B77FDCEC3402}.ReleaseDebug|x64.ActiveCfg = Debug|x64
		{BB2282CE-370C-9882-28D0-B77FDCEC3402}.ReleaseDebug|x64.Build.0 = Debug|x64
		{BB2282CE-370C-9882-28D0-B77FDCEC3402}.ReleaseTool|Win32.ActiveCfg = ReleaseTool|Win32
		{BB2282CE-370C-9882-28D0-B77FDCEC3402}.ReleaseTool|Win32.Build.0 = ReleaseTool|Win32
		{BB2282CE-370C-9882-28D0-B77FDCEC3402}.ReleaseTool|x64.ActiveCfg = ReleaseTool|x64
		{BB2282CE-370C-9882-28D0-B77FDCEC3402}.ReleaseTool|x64.Build.0 = ReleaseTool|x64
		{BB2282CE-370C-9882-28D0-B77FDCEC3402}.ReleaseUnicode|Win32.ActiveCfg = ReleaseUnicode|Win32
		{BB2282CE-370C-9882-28D0-B77FDCEC3402}.ReleaseUnicode|Win32.Build.0 = ReleaseUnicode|Win32
		{BB2282CE-370C-9882-28D0-B77FDCEC3402}.ReleaseUnicode|x64.ActiveCfg = ReleaseUnicode|x64
		{BB2282CE-370C-9882-28D0-B77FDCEC3402}.ReleaseUnicode|x64.Build.0 = ReleaseUnicode|x64
		{BB2282CE-370C-9882-28D0-B77FDCEC3402}.Template|Win32.ActiveCfg = Template|Win32
		{BB2282CE-370C-9882-28D0-B77FDCEC3402}.Template|Win32.Build.0 = Template|Win32
		{BB2282CE-370C-9882-28D0-B77FDCEC3402}.Template|x64.ActiveCfg = Template|x64
		{BB2282CE-370C-9882-28D0-B77FDCEC3402}.Template|x64.Build.0 = Template|x64
		{BB2282CE-370C-9882-28D0-B77FDCEC3402}.Unicode Debug|Win32.ActiveCfg = Debug|Win32
		{BB2282CE-370C-9882-28D0-B77FDCEC3402}.Unicode Debug|Win32.Build.0 = Debug|Win32
		{BB2282CE-370C-9882-28D0-B77FDCEC3402}.Unicode Debug|x64.ActiveCfg = Debug|x64
		{BB2282CE-370C-9882-28D0-B77FDCEC3402}.Unicode Debug|x64.Build.0 = Debug|x64
		{BB2282CE-370C-9882-28D0-B77FDCEC3402}.Unicode Release|Win32.ActiveCfg = Release|Win32
		{BB2282CE-370C-9882-28D0-B77FDCEC3402}.Unicode Release|Win32.Build.0 = Release|Win32
		{BB2282CE-370C-9882-28D0-B77FDCEC3402}.Unicode Release|x64.ActiveCfg = Release|x64
		{BB2282CE-370C-9882-28D0-B77FDCEC3402}.Unicode Release|x64.Build.0 = Release|x64
		{515DF116-BF89-442E-80AE-EE2FC0B7A2BB}.Debug|Win32.ActiveCfg = Debug|Win32
		{515DF116-BF89-442E-80AE-EE2FC0B7A2BB}.Debug|x64.ActiveCfg = Debug|Win32
		{515DF116-BF89-442E-80AE-EE2FC0B7A2BB}.DebugUnicode|Win32.ActiveCfg = DebugUnicode|Win32
		{515DF116-BF89-442E-80AE-EE2FC0B7A2BB}.DebugUnicode|Win32.Build.0 = DebugUnicode|Win32
		{515DF116-BF89-442E-80AE-EE2FC0B7A2BB}.DebugUnicode|x64.ActiveCfg = DebugUnicode|Win32
		{515DF116-BF89-442E-80AE-EE2FC0B7A2BB}.MakeUTF|Win32.ActiveCfg = MakeUTF|Win32
		{515DF116-BF89-442E-80AE-EE2FC0B7A2BB}.MakeUTF|Win32.Build.0 = MakeUTF|Win32
		{515DF116-BF89-442E-80AE-EE2FC0B7A2BB}.MakeUTF|x64.ActiveCfg = MakeUTF|Win32
		{515DF116-BF89-442E-80AE-EE2FC0B7A2BB}.Release|Win32.ActiveCfg = Release|Win32
		{515DF116-BF89-442E-80AE-EE2FC0B7A2BB}.Release|x64.ActiveCfg = Release|Win32
		{515DF116-BF89-442E-80AE-EE2FC0B7A2BB}.ReleaseDebug|Win32.ActiveCfg = Debug|Win32
		{515DF116-BF89-442E-80AE-EE2FC0B7A2BB}.ReleaseDebug|Win32.Build.0 = Debug|Win32
		{515DF116-BF89-442E-80AE-EE2FC0B7A2BB}.ReleaseDebug|x64.ActiveCfg = Release|Win32
		{515DF116-BF89-442E-80AE-EE2FC0B7A2BB}.ReleaseTool|Win32.ActiveCfg = Release|Win32
		{515DF116-BF89-442E-80AE-EE2FC0B7A2BB}.ReleaseTool|Win32.Build.0 = Release|Win32
		{515DF116-BF89-442E-80AE-EE2FC0B7A2BB}.ReleaseTool|x64.ActiveCfg = Release|Win32
		{515DF116-BF89-442E-80AE-EE2FC0B7A2BB}.ReleaseUnicode|Win32.ActiveCfg = ReleaseUnicode|Win32
		{515DF116-BF89-442E-80AE-EE2FC0B7A2BB}.ReleaseUnicode|Win32.Build.0 = ReleaseUnicode|Win32
		{515DF116-BF89-442E-80AE-EE2FC0B7A2BB}.ReleaseUnicode|x64.ActiveCfg = ReleaseUnicode|Win32
		{515DF116-BF89-442E-80AE-EE2FC0B7A2BB}.Template|Win32.ActiveCfg = Release|Win32
		{515DF116-BF89-442E-80AE-EE2FC0B7A2BB}.Template|Win32.Build.0 = Release|Win32
		{515DF116-BF89-442E-80AE-EE2FC0B7A2BB}.Template|x64.ActiveCfg = Release|Win32
		{515DF116-BF89-442E-80AE-EE2FC0B7A2BB}.Unicode Debug|Win32.ActiveCfg = Debug|Win32
		{515DF116-BF89-442E-80AE-EE2FC0B7A2BB}.Unicode Debug|Win32.Build.0 = Debug|Win32
		{515DF116-BF89-442E-80AE-EE2FC0B7A2BB}.Unicode Debug|x64.ActiveCfg = Debug|Win32
		{515DF116-BF89-442E-80AE-EE2FC0B7A2BB}.Unicode Release|Win32.ActiveCfg = Release|Win32
		{515DF116-BF89-442E-80AE-EE2FC0B7A2BB}.Unicode Release|Win32.Build.0 = Release|Win32
		{515DF116-BF89-442E-80AE-EE2FC0B7A2BB}.Unicode Release|x64.ActiveCfg = Release|Win32
		{45CF688C-4B5E-4696-9274-DAF7BB61E175}.Debug|Win32.ActiveCfg = Debug|Win32
		{45CF688C-4B5E-4696-9274-DAF7BB61E175}.Debug|x64.ActiveCfg = Debug|Win32
		{45CF688C-4B5E-4696-9274-DAF7BB61E175}.DebugUnicode|Win32.ActiveCfg = DebugUnicode|Win32
		{45CF688C-4B5E-4696-9274-DAF7BB61E175}.DebugUnicode|Win32.Build.0 = DebugUnicode|Win32
		{45CF688C-4B5E-4696-9274-DAF7BB61E175}.DebugUnicode|x64.ActiveCfg = DebugUnicode|Win32
		{45CF688C-4B5E-4696-9274-DAF7BB61E175}.MakeUTF|Win32.ActiveCfg = MakeUTF|Win32
		{45CF688C-4B5E-4696-9274-DAF7BB61E175}.MakeUTF|Win32.Build.0 = MakeUTF|Win32
		{45CF688C-4B5E-4696-9274-DAF7BB61E175}.MakeUTF|x64.ActiveCfg = MakeUTF|Win32
		{45CF688C-4B5E-4696-9274-DAF7BB61E175}.Release|Win32.ActiveCfg = Release|Win32
		{45CF688C-4B5E-4696-9274-DAF7BB61E175}.Release|x64.ActiveCfg = Release|Win32
		{45CF688C-4B5E-4696-9274-DAF7BB61E175}.ReleaseDebug|Win32.ActiveCfg = Debug|Win32
		{45CF688C-4B5E-4696-9274-DAF7BB61E175}.ReleaseDebug|Win32.Build.0 = Debug|Win32
		{45CF688C-4B5E-4696-9274-DAF7BB61E175}.ReleaseDebug|x64.ActiveCfg = Release|Win32
		{45CF688C-4B5E-4696-9274-DAF7BB61E175}.ReleaseTool|Win32.ActiveCfg = Release|Win32
		{45CF688C-4B5E-4696-9274-DAF7BB61E175}.ReleaseTool|Win32.Build.0 = Release|Win32
		{45CF688C-4B5E-4696-9274-DAF7BB61E175}.ReleaseTool|x64.ActiveCfg = Release|Win32
		{45CF688C-4B5E-4696-9274-DAF7BB61E175}.ReleaseUnicode|Win32.ActiveCfg = ReleaseUnicode|Win32
		{45CF688C-4B5E-4696-9274-DAF7BB61E175}.ReleaseUnicode|Win32.Build.0 = ReleaseUnicode|Win32
		{45CF688C-4B5E-4696-9274-DAF7BB61E175}.ReleaseUnicode|x64.ActiveCfg = ReleaseUnicode|Win32
		{45CF688C-4B5E-4696-9274-DAF7BB61E175}.Template|Win32.ActiveCfg = Release|Win32
		{45CF688C-4B5E-4696-9274-DAF7BB61E175}.Template|Win32.Build.0 = Release|Win32
		{45CF688C-4B5E-4696-9274-DAF7BB61E175}.Template|x64.ActiveCfg = Release|Win32
		{45CF688C-4B5E-4696-9274-DAF7BB61E175}.Unicode Debug|Win32.ActiveCfg = Debug|Win32
		{45CF688C-4B5E-4696-9274-DAF7BB61E175}.Unicode Debug|Win32.Build.0 = Debug|Win32
		{45CF688C-4B5E-4696-9274-DAF7BB61E175}.Unicode Debug|x64.ActiveCfg = Debug|Win32
		{45CF688C-4B5E-4696-9274-DAF7BB61E175}.Unicode Release|Win32.ActiveCfg = Release|Win32
		{45CF688C-4B5E-4696-9274-DAF7BB61E175}.Unicode Release|Win32.Build.0 = Release|Win32
		{45CF688C-4B5E-4696-9274-DAF7BB61E175}.Unicode Release|x64.ActiveCfg = Release|Win32
		{7546D877-ED39-451A-BFFC-21567D898D48}.Debug|Win32.ActiveCfg = Debug|Win32
		{7546D877-ED39-451A-BFFC-21567D898D48}.Debug|x64.ActiveCfg = Debug|Win32
		{7546D877-ED39-451A-BFFC-21567D898D48}.DebugUnicode|Win32.ActiveCfg = DebugUnicode|Win32
		{7546D877-ED39-451A-BFFC-21567D898D48}.DebugUnicode|Win32.Build.0 = DebugUnicode|Win32
		{7546D877-ED39-451A-BFFC-21567D898D48}.DebugUnicode|x64.ActiveCfg = DebugUnicode|Win32
		{7546D877-ED39-451A-BFFC-21567D898D48}.MakeUTF|Win32.ActiveCfg = MakeUTF|Win32
		{7546D877-ED39-451A-BFFC-21567D898D48}.MakeUTF|Win32.Build.0 = MakeUTF|Win32
		{7546D877-ED39-451A-BFFC-21567D898D48}.MakeUTF|x64.ActiveCfg = MakeUTF|Win32
		{7546D877-ED39-451A-BFFC-21567D898D48}.Release|Win32.ActiveCfg = Release|Win32
		{7546D877-ED39-451A-BFFC-21567D898D48}.Release|x64.ActiveCfg = Release|Win32
		{7546D877-ED39-451A-BFFC-21567D898D48}.ReleaseDebug|Win32.ActiveCfg = Debug|Win32
		{7546D877-ED39-451A-BFFC-21567D898D48}.ReleaseDebug|Win32.Build.0 = Debug|Win32
		{7546D877-ED39-451A-BFFC-21567D898D48}.ReleaseDebug|x64.ActiveCfg = Release|Win32
		{7546D877-ED39-451A-BFFC-21567D898D48}.ReleaseTool|Win32.ActiveCfg = Release|Win32
		{7546D877-ED39-451A-BFFC-21567D898D48}.ReleaseTool|Win32.Build.0 = Release|Win32
		{7546D877-ED39-451A-BFFC-21567D898D48}.ReleaseTool|x64.ActiveCfg = Release|Win32
		{7546D877-ED39-451A-BFFC-21567D898D48}.ReleaseUnicode|Win32.ActiveCfg = ReleaseUnicode|Win32
		{7546D877-ED39-451A-BFFC-21567D898D48}.ReleaseUnicode|Win32.Build.0 = ReleaseUnicode|Win32
		{7546D877-ED39-451A-BFFC-21567D898D48}.ReleaseUnicode|x64.ActiveCfg = ReleaseUnicode|Win32
		{7546D877-ED39-451A-BFFC-21567D898D48}.Template|Win32.ActiveCfg = Release|Win32
		{7546D877-ED39-451A-BFFC-21567D898D48}.Template|Win32.Build.0 = Release|Win32
		{7546D877-ED39-451A-BFFC-21567D898D48}.Template|x64.ActiveCfg = Release|Win32
		{7546D877-ED39-451A-BFFC-21567D898D48}.Unicode Debug|Win32.ActiveCfg = Debug|Win32
		{7546D877-ED39-451A-BFFC-21567D898D48}.Unicode Debug|Win32.Build.0 = Debug|Win32
		{7546D877-ED39-451A-BFFC-21567D898D48}.Unicode Debug|x64.ActiveCfg = Debug|Win32
		{7546D877-ED39-451A-BFFC-21567D898D48}.Unicode Release|Win32.ActiveCfg = Release|Win32
		{7546D877-ED39-451A-BFFC-21567D898D48}.Unicode Release|Win32.Build.0 = Release|Win32
		{7546D877-ED39-451A-BFFC-21567D898D48}.Unicode Release|x64.ActiveCfg = Release|Win32
		{36895E2C-466E-44A8-9014-4D3D1BD1755D}.Debug|Win32.ActiveCfg = Debug|Win32
		{36895E2C-466E-44A8-9014-4D3D1BD1755D}.Debug|x64.ActiveCfg = Debug|Win32
		{36895E2C-466E-44A8-9014-4D3D1BD1755D}.DebugUnicode|Win32.ActiveCfg = DebugUnicode|Win32
		{36895E2C-466E-44A8-9014-4D3D1BD1755D}.DebugUnicode|Win32.Build.0 = DebugUnicode|Win32
		{36895E2C-466E-44A8-9014-4D3D1BD1755D}.DebugUnicode|x64.ActiveCfg = DebugUnicode|Win32
		{36895E2C-466E-44A8-9014-4D3D1BD1755D}.MakeUTF|Win32.ActiveCfg = MakeUTF|Win32
		{36895E2C-466E-44A8-9014-4D3D1BD1755D}.MakeUTF|Win32.Build.0 = MakeUTF|Win32
		{36895E2C-466E-44A8-9014-4D3D1BD1755D}.MakeUTF|x64.ActiveCfg = MakeUTF|Win32
		{36895E2C-466E-44A8-9014-4D3D1BD1755D}.Release|Win32.ActiveCfg = Release|Win32
		{36895E2C-466E-44A8-9014-4D3D1BD1755D}.Release|x64.ActiveCfg = Release|Win32
		{36895E2C-466E-44A8-9014-4D3D1BD1755D}.ReleaseDebug|Win32.ActiveCfg = Debug|Win32
		{36895E2C-466E-44A8-9014-4D3D1BD1755D}.ReleaseDebug|Win32.Build.0 = Debug|Win32
		{36895E2C-466E-44A8-9014-4D3D1BD1755D}.ReleaseDebug|x64.ActiveCfg = Release|Win32
		{36895E2C-466E-44A8-9014-4D3D1BD1755D}.ReleaseTool|Win32.ActiveCfg = Release|Win32
		{36895E2C-466E-44A8-9014-4D3D1BD1755D}.ReleaseTool|Win32.Build.0 = Release|Win32
		{36895E2C-466E-44A8-9014-4D3D1BD1755D}.ReleaseTool|x64.ActiveCfg = Release|Win32
		{36895E2C-466E-44A8-9014-4D3D1BD1755D}.ReleaseUnicode|Win32.ActiveCfg = ReleaseUnicode|Win32
		{36895E2C-466E-44A8-9014-4D3D1BD1755D}.ReleaseUnicode|Win32.Build.0 = ReleaseUnicode|Win32
		{36895E2C-466E-44A8-9014-4D3D1BD1755D}.ReleaseUnicode|x64.ActiveCfg = ReleaseUnicode|Win32
		{36895E2C-466E-44A8-9014-4D3D1BD1755D}.Template|Win32.ActiveCfg = Release|Win32
		{36895E2C-466E-44A8-9014-4D3D1BD1755D}.Template|Win32.Build.0 = Release|Win32
		{36895E2C-466E-44A8-9014-4D3D1BD1755D}.Template|x64.ActiveCfg = Release|Win32
		{36895E2C-466E-44A8-9014-4D3D1BD1755D}.Unicode Debug|Win32.ActiveCfg = Debug|Win32
		{36895E2C-466E-44A8-9014-4D3D1BD1755D}.Unicode Debug|Win32.Build.0 = Debug|Win32
		{36895E2C-466E-44A8-9014-4D3D1BD1755D}.Unicode Debug|x64.ActiveCfg = Debug|Win32
		{36895E2C-466E-44A8-9014-4D3D1BD1755D}.Unicode Release|Win32.ActiveCfg = Release|Win32
		{36895E2C-466E-44A8-9014-4D3D1BD1755D}.Unicode Release|Win32.Build.0 = Release|Win32
		{36895E2C-466E-44A8-9014-4D3D1BD1755D}.Unicode Release|x64.ActiveCfg = Release|Win32
		{69462BEE-8FC4-4688-98CA-EA4994F002A2}.Debug|Win32.ActiveCfg = Debug|Win32
		{69462BEE-8FC4-4688-98CA-EA4994F002A2}.Debug|x64.ActiveCfg = Debug|Win32
		{69462BEE-8FC4-4688-98CA-EA4994F002A2}.DebugUnicode|Win32.ActiveCfg = DebugUnicode|Win32
		{69462BEE-8FC4-4688-98CA-EA4994F002A2}.DebugUnicode|Win32.Build.0 = DebugUnicode|Win32
		{69462BEE-8FC4-4688-98CA-EA4994F002A2}.DebugUnicode|x64.ActiveCfg = DebugUnicode|Win32
		{69462BEE-8FC4-4688-98CA-EA4994F002A2}.MakeUTF|Win32.ActiveCfg = Release|Win32
		{69462BEE-8FC4-4688-98CA-EA4994F002A2}.MakeUTF|Win32.Build.0 = Release|Win32
		{69462BEE-8FC4-4688-98CA-EA4994F002A2}.MakeUTF|x64.ActiveCfg = Release|Win32
		{69462BEE-8FC4-4688-98CA-EA4994F002A2}.Release|Win32.ActiveCfg = Release|Win32
		{69462BEE-8FC4-4688-98CA-EA4994F002A2}.Release|x64.ActiveCfg = Release|Win32
		{69462BEE-8FC4-4688-98CA-EA4994F002A2}.ReleaseDebug|Win32.ActiveCfg = Debug|Win32
		{69462BEE-8FC4-4688-98CA-EA4994F002A2}.ReleaseDebug|Win32.Build.0 = Debug|Win32
		{69462BEE-8FC4-4688-98CA-EA4994F002A2}.ReleaseDebug|x64.ActiveCfg = Release|Win32
		{69462BEE-8FC4-4688-98CA-EA4994F002A2}.ReleaseTool|Win32.ActiveCfg = Release|Win32
		{69462BEE-8FC4-4688-98CA-EA4994F002A2}.ReleaseTool|Win32.Build.0 = Release|Win32
		{69462BEE-8FC4-4688-98CA-EA4994F002A2}.ReleaseTool|x64.ActiveCfg = Release|Win32
		{69462BEE-8FC4-4688-98CA-EA4994F002A2}.ReleaseUnicode|Win32.ActiveCfg = ReleaseUnicode|Win32
		{69462BEE-8FC4-4688-98CA-EA4994F002A2}.ReleaseUnicode|Win32.Build.0 = ReleaseUnicode|Win32
		{69462BEE-8FC4-4688-98CA-EA4994F002A2}.ReleaseUnicode|x64.ActiveCfg = ReleaseUnicode|Win32
		{69462BEE-8FC4-4688-98CA-EA4994F002A2}.Template|Win32.ActiveCfg = Release|Win32
		{69462BEE-8FC4-4688-98CA-EA4994F002A2}.Template|Win32.Build.0 = Release|Win32
		{69462BEE-8FC4-4688-98CA-EA4994F002A2}.Template|x64.ActiveCfg = Release|Win32
		{69462BEE-8FC4-4688-98CA-EA4994F002A2}.Unicode Debug|Win32.ActiveCfg = Debug|Win32
		{69462BEE-8FC4-4688-98CA-EA4994F002A2}.Unicode Debug|Win32.Build.0 = Debug|Win32
		{69462BEE-8FC4-4688-98CA-EA4994F002A2}.Unicode Debug|x64.ActiveCfg = Debug|Win32
		{69462BEE-8FC4-4688-98CA-EA4994F002A2}.Unicode Release|Win32.ActiveCfg = Release|Win32
		{69462BEE-8FC4-4688-98CA-EA4994F002A2}.Unicode Release|Win32.Build.0 = Release|Win32
		{69462BEE-8FC4-4688-98CA-EA4994F002A2}.Unicode Release|x64.ActiveCfg = Release|Win32
		{12BDDEF2-9495-4BDD-991E-77C9C94F13A2}.Debug|Win32.ActiveCfg = Debug|Win32
		{12BDDEF2-9495-4BDD-991E-77C9C94F13A2}.Debug|x64.ActiveCfg = Debug|x64
		{12BDDEF2-9495-4BDD-991E-77C9C94F13A2}.Debug|x64.Build.0 = Debug|x64
		{12BDDEF2-9495-4BDD-991E-77C9C94F13A2}.DebugUnicode|Win32.ActiveCfg = DebugUnicode|Win32
		{12BDDEF2-9495-4BDD-991E-77C9C94F13A2}.DebugUnicode|Win32.Build.0 = DebugUnicode|Win32
		{12BDDEF2-9495-4BDD-991E-77C9C94F13A2}.DebugUnicode|x64.ActiveCfg = DebugUnicode|x64
		{12BDDEF2-9495-4BDD-991E-77C9C94F13A2}.DebugUnicode|x64.Build.0 = DebugUnicode|x64
		{12BDDEF2-9495-4BDD-991E-77C9C94F13A2}.MakeUTF|Win32.ActiveCfg = Release|Win32
		{12BDDEF2-9495-4BDD-991E-77C9C94F13A2}.MakeUTF|Win32.Build.0 = Release|Win32
		{12BDDEF2-9495-4BDD-991E-77C9C94F13A2}.MakeUTF|x64.ActiveCfg = Release|x64
		{12BDDEF2-9495-4BDD-991E-77C9C94F13A2}.MakeUTF|x64.Build.0 = Release|x64
		{12BDDEF2-9495-4BDD-991E-77C9C94F13A2}.Release|Win32.ActiveCfg = Release|Win32
		{12BDDEF2-9495-4BDD-991E-77C9C94F13A2}.Release|x64.ActiveCfg = Release|x64
		{12BDDEF2-9495-4BDD-991E-77C9C94F13A2}.Release|x64.Build.0 = Release|x64
		{12BDDEF2-9495-4BDD-991E-77C9C94F13A2}.ReleaseDebug|Win32.ActiveCfg = Debug|Win32
		{12BDDEF2-9495-4BDD-991E-77C9C94F13A2}.ReleaseDebug|Win32.Build.0 = Debug|Win32
		{12BDDEF2-9495-4BDD-991E-77C9C94F13A2}.ReleaseDebug|x64.ActiveCfg = Debug|x64
		{12BDDEF2-9495-4BDD-991E-77C9C94F13A2}.ReleaseDebug|x64.Build.0 = Debug|x64
		{12BDDEF2-9495-4BDD-991E-77C9C94F13A2}.ReleaseTool|Win32.ActiveCfg = Release|Win32
		{12BDDEF2-9495-4BDD-991E-77C9C94F13A2}.ReleaseTool|Win32.Build.0 = Release|Win32
		{12BDDEF2-9495-4BDD-991E-77C9C94F13A2}.ReleaseTool|x64.ActiveCfg = Release|x64
		{12BDDEF2-9495-4BDD-991E-77C9C94F13A2}.ReleaseTool|x64.Build.0 = Release|x64
		{12BDDEF2-9495-4BDD-991E-77C9C94F13A2}.ReleaseUnicode|Win32.ActiveCfg = ReleaseUnicode|Win32
		{12BDDEF2-9495-4BDD-991E-77C9C94F13A2}.ReleaseUnicode|Win32.Build.0 = ReleaseUnicode|Win32
		{12BDDEF2-9495-4BDD-991E-77C9C94F13A2}.ReleaseUnicode|x64.ActiveCfg = ReleaseUnicode|x64
		{12BDDEF2-9495-4BDD-991E-77C9C94F13A2}.ReleaseUnicode|x64.Build.0 = ReleaseUnicode|x64
		{12BDDEF2-9495-4BDD-991E-77C9C94F13A2}.Template|Win32.ActiveCfg = Release|Win32
		{12BDDEF2-9495-4BDD-991E-77C9C94F13A2}.Template|Win32.Build.0 = Release|Win32
		{12BDDEF2-9495-4BDD-991E-77C9C94F13A2}.Template|x64.ActiveCfg = Release|x64
		{12BDDEF2-9495-4BDD-991E-77C9C94F13A2}.Template|x64.Build.0 = Release|x64
		{12BDDEF2-9495-4BDD-991E-77C9C94F13A2}.Unicode Debug|Win32.ActiveCfg = Debug|Win32
		{12BDDEF2-9495-4BDD-991E-77C9C94F13A2}.Unicode Debug|Win32.Build.0 = Debug|Win32
		{12BDDEF2-9495-4BDD-991E-77C9C94F13A2}.Unicode Debug|x64.ActiveCfg = Debug|x64
		{12BDDEF2-9495-4BDD-991E-77C9C94F13A2}.Unicode Debug|x64.Build.0 = Debug|x64
		{12BDDEF2-9495-4BDD-991E-77C9C94F13A2}.Unicode Release|Win32.ActiveCfg = Release|Win32
		{12BDDEF2-9495-4BDD-991E-77C9C94F13A2}.Unicode Release|Win32.Build.0 = Release|Win32
		{12BDDEF2-9495-4BDD-991E-77C9C94F13A2}.Unicode Release|x64.ActiveCfg = Release|x64
		{12BDDEF2-9495-4BDD-991E-77C9C94F13A2}.Unicode Release|x64.Build.0 = Release|x64
		{F83796A8-0F23-154D-55E0-BF8230E5EA19}.Debug|Win32.ActiveCfg = Debug|Win32
		{F83796A8-0F23-154D-55E0-BF8230E5EA19}.Debug|x64.ActiveCfg = Debug|Win32
		{F83796A8-0F23-154D-55E0-BF8230E5EA19}.DebugUnicode|Win32.ActiveCfg = DebugUnicode|Win32
		{F83796A8-0F23-154D-55E0-BF8230E5EA19}.DebugUnicode|Win32.Build.0 = DebugUnicode|Win32
		{F83796A8-0F23-154D-55E0-BF8230E5EA19}.DebugUnicode|x64.ActiveCfg = DebugUnicode|Win32
		{F83796A8-0F23-154D-55E0-BF8230E5EA19}.MakeUTF|Win32.ActiveCfg = ReleaseUnicode|Win32
		{F83796A8-0F23-154D-55E0-BF8230E5EA19}.MakeUTF|Win32.Build.0 = ReleaseUnicode|Win32
		{F83796A8-0F23-154D-55E0-BF8230E5EA19}.MakeUTF|x64.ActiveCfg = ReleaseUnicode|Win32
		{F83796A8-0F23-154D-55E0-BF8230E5EA19}.Release|Win32.ActiveCfg = Release|Win32
		{F83796A8-0F23-154D-55E0-BF8230E5EA19}.Release|x64.ActiveCfg = Release|Win32
		{F83796A8-0F23-154D-55E0-BF8230E5EA19}.ReleaseDebug|Win32.ActiveCfg = Debug|Win32
		{F83796A8-0F23-154D-55E0-BF8230E5EA19}.ReleaseDebug|Win32.Build.0 = Debug|Win32
		{F83796A8-0F23-154D-55E0-BF8230E5EA19}.ReleaseDebug|x64.ActiveCfg = ReleaseUnicode|Win32
		{F83796A8-0F23-154D-55E0-BF8230E5EA19}.ReleaseTool|Win32.ActiveCfg = ReleaseUnicode|Win32
		{F83796A8-0F23-154D-55E0-BF8230E5EA19}.ReleaseTool|Win32.Build.0 = ReleaseUnicode|Win32
		{F83796A8-0F23-154D-55E0-BF8230E5EA19}.ReleaseTool|x64.ActiveCfg = ReleaseUnicode|Win32
		{F83796A8-0F23-154D-55E0-BF8230E5EA19}.ReleaseUnicode|Win32.ActiveCfg = ReleaseUnicode|Win32
		{F83796A8-0F23-154D-55E0-BF8230E5EA19}.ReleaseUnicode|Win32.Build.0 = ReleaseUnicode|Win32
		{F83796A8-0F23-154D-55E0-BF8230E5EA19}.ReleaseUnicode|x64.ActiveCfg = ReleaseUnicode|Win32
		{F83796A8-0F23-154D-55E0-BF8230E5EA19}.Template|Win32.ActiveCfg = ReleaseUnicode|Win32
		{F83796A8-0F23-154D-55E0-BF8230E5EA19}.Template|Win32.Build.0 = ReleaseUnicode|Win32
		{F83796A8-0F23-154D-55E0-BF8230E5EA19}.Template|x64.ActiveCfg = ReleaseUnicode|Win32
		{F83796A8-0F23-154D-55E0-BF8230E5EA19}.Unicode Debug|Win32.ActiveCfg = Debug|Win32
		{F83796A8-0F23-154D-55E0-BF8230E5EA19}.Unicode Debug|Win32.Build.0 = Debug|Win32
		{F83796A8-0F23-154D-55E0-BF8230E5EA19}.Unicode Debug|x64.ActiveCfg = Debug|Win32
		{F83796A8-0F23-154D-55E0-BF8230E5EA19}.Unicode Release|Win32.ActiveCfg = Release|Win32
		{F83796A8-0F23-154D-55E0-BF8230E5EA19}.Unicode Release|Win32.Build.0 = Release|Win32
		{F83796A8-0F23-154D-55E0-BF8230E5EA19}.Unicode Release|x64.ActiveCfg = Release|Win32
		{61A6F16D-5B3E-90A5-D3B6-C4396C276557}.Debug|Win32.ActiveCfg = Debug|Win32
		{61A6F16D-5B3E-90A5-D3B6-C4396C276557}.Debug|x64.ActiveCfg = Debug|x64
		{61A6F16D-5B3E-90A5-D3B6-C4396C276557}.Debug|x64.Build.0 = Debug|x64
		{61A6F16D-5B3E-90A5-D3B6-C4396C276557}.DebugUnicode|Win32.ActiveCfg = DebugUnicode|Win32
		{61A6F16D-5B3E-90A5-D3B6-C4396C276557}.DebugUnicode|Win32.Build.0 = DebugUnicode|Win32
		{61A6F16D-5B3E-90A5-D3B6-C4396C276557}.DebugUnicode|x64.ActiveCfg = DebugUnicode|x64
		{61A6F16D-5B3E-90A5-D3B6-C4396C276557}.DebugUnicode|x64.Build.0 = DebugUnicode|x64
		{61A6F16D-5B3E-90A5-D3B6-C4396C276557}.MakeUTF|Win32.ActiveCfg = ReleaseUnicode|Win32
		{61A6F16D-5B3E-90A5-D3B6-C4396C276557}.MakeUTF|Win32.Build.0 = ReleaseUnicode|Win32
		{61A6F16D-5B3E-90A5-D3B6-C4396C276557}.MakeUTF|x64.ActiveCfg = ReleaseUnicode|Win32
		{61A6F16D-5B3E-90A5-D3B6-C4396C276557}.Release|Win32.ActiveCfg = Release|Win32
		{61A6F16D-5B3E-90A5-D3B6-C4396C276557}.Release|x64.ActiveCfg = Release|x64
		{61A6F16D-5B3E-90A5-D3B6-C4396C276557}.Release|x64.Build.0 = Release|x64
		{61A6F16D-5B3E-90A5-D3B6-C4396C276557}.ReleaseDebug|Win32.ActiveCfg = Debug|Win32
		{61A6F16D-5B3E-90A5-D3B6-C4396C276557}.ReleaseDebug|Win32.Build.0 = Debug|Win32
		{61A6F16D-5B3E-90A5-D3B6-C4396C276557}.ReleaseDebug|x64.ActiveCfg = Debug|x64
		{61A6F16D-5B3E-90A5-D3B6-C4396C276557}.ReleaseDebug|x64.Build.0 = Debug|x64
		{61A6F16D-5B3E-90A5-D3B6-C4396C276557}.ReleaseTool|Win32.ActiveCfg = ReleaseUnicode|Win32
		{61A6F16D-5B3E-90A5-D3B6-C4396C276557}.ReleaseTool|Win32.Build.0 = ReleaseUnicode|Win32
		{61A6F16D-5B3E-90A5-D3B6-C4396C276557}.ReleaseTool|x64.ActiveCfg = ReleaseUnicode|Win32
		{61A6F16D-5B3E-90A5-D3B6-C4396C276557}.ReleaseUnicode|Win32.ActiveCfg = ReleaseUnicode|Win32
		{61A6F16D-5B3E-90A5-D3B6-C4396C276557}.ReleaseUnicode|Win32.Build.0 = ReleaseUnicode|Win32
		{61A6F16D-5B3E-90A5-D3B6-C4396C276557}.ReleaseUnicode|x64.ActiveCfg = ReleaseUnicode|x64
		{61A6F16D-5B3E-90A5-D3B6-C4396C276557}.ReleaseUnicode|x64.Build.0 = ReleaseUnicode|x64
		{61A6F16D-5B3E-90A5-D3B6-C4396C276557}.Template|Win32.ActiveCfg = ReleaseUnicode|Win32
		{61A6F16D-5B3E-90A5-D3B6-C4396C276557}.Template|Win32.Build.0 = ReleaseUnicode|Win32
		{61A6F16D-5B3E-90A5-D3B6-C4396C276557}.Template|x64.ActiveCfg = ReleaseUnicode|Win32
		{61A6F16D-5B3E-90A5-D3B6-C4396C276557}.Unicode Debug|Win32.ActiveCfg = Debug|Win32
		{61A6F16D-5B3E-90A5-D3B6-C4396C276557}.Unicode Debug|Win32.Build.0 = Debug|Win32
		{61A6F16D-5B3E-90A5-D3B6-C4396C276557}.Unicode Debug|x64.ActiveCfg = Debug|x64
		{61A6F16D-5B3E-90A5-D3B6-C4396C276557}.Unicode Debug|x64.Build.0 = Debug|x64
		{61A6F16D-5B3E-90A5-D3B6-C4396C276557}.Unicode Release|Win32.ActiveCfg = Release|Win32
		{61A6F16D-5B3E-90A5-D3B6-C4396C276557}.Unicode Release|Win32.Build.0 = Release|Win32
		{61A6F16D-5B3E-90A5-D3B6-C4396C276557}.Unicode Release|x64.ActiveCfg = Release|x64
		{61A6F16D-5B3E-90A5-D3B6-C4396C276557}.Unicode Release|x64.Build.0 = Release|x64
		{7CC73ED7-C05E-FD31-8FFA-D427B9C8F068}.Debug|Win32.ActiveCfg = Debug|Win32
		{7CC73ED7-C05E-FD31-8FFA-D427B9C8F068}.Debug|x64.ActiveCfg = Debug|Win32
		{7CC73ED7-C05E-FD31-8FFA-D427B9C8F068}.DebugUnicode|Win32.ActiveCfg = DebugUnicode|Win32
		{7CC73ED7-C05E-FD31-8FFA-D427B9C8F068}.DebugUnicode|Win32.Build.0 = DebugUnicode|Win32
		{7CC73ED7-C05E-FD31-8FFA-D427B9C8F068}.DebugUnicode|x64.ActiveCfg = DebugUnicode|Win32
		{7CC73ED7-C05E-FD31-8FFA-D427B9C8F068}.MakeUTF|Win32.ActiveCfg = ReleaseUnicode|Win32
		{7CC73ED7-C05E-FD31-8FFA-D427B9C8F068}.MakeUTF|Win32.Build.0 = ReleaseUnicode|Win32
		{7CC73ED7-C05E-FD31-8FFA-D427B9C8F068}.MakeUTF|x64.ActiveCfg = ReleaseUnicode|Win32
		{7CC73ED7-C05E-FD31-8FFA-D427B9C8F068}.Release|Win32.ActiveCfg = Release|Win32
		{7CC73ED7-C05E-FD31-8FFA-D427B9C8F068}.Release|x64.ActiveCfg = Release|Win32
		{7CC73ED7-C05E-FD31-8FFA-D427B9C8F068}.ReleaseDebug|Win32.ActiveCfg = Debug|Win32
		{7CC73ED7-C05E-FD31-8FFA-D427B9C8F068}.ReleaseDebug|Win32.Build.0 = Debug|Win32
		{7CC73ED7-C05E-FD31-8FFA-D427B9C8F068}.ReleaseDebug|x64.ActiveCfg = ReleaseUnicode|Win32
		{7CC73ED7-C05E-FD31-8FFA-D427B9C8F068}.ReleaseTool|Win32.ActiveCfg = ReleaseUnicode|Win32
		{7CC73ED7-C05E-FD31-8FFA-D427B9C8F068}.ReleaseTool|Win32.Build.0 = ReleaseUnicode|Win32
		{7CC73ED7-C05E-FD31-8FFA-D427B9C8F068}.ReleaseTool|x64.ActiveCfg = ReleaseUnicode|Win32
		{7CC73ED7-C05E-FD31-8FFA-D427B9C8F068}.ReleaseUnicode|Win32.ActiveCfg = ReleaseUnicode|Win32
		{7CC73ED7-C05E-FD31-8FFA-D427B9C8F068}.ReleaseUnicode|Win32.Build.0 = ReleaseUnicode|Win32
		{7CC73ED7-C05E-FD31-8FFA-D427B9C8F068}.ReleaseUnicode|x64.ActiveCfg = ReleaseUnicode|Win32
		{7CC73ED7-C05E-FD31-8FFA-D427B9C8F068}.Template|Win32.ActiveCfg = Template|Win32
		{7CC73ED7-C05E-FD31-8FFA-D427B9C8F068}.Template|Win32.Build.0 = Template|Win32
		{7CC73ED7-C05E-FD31-8FFA-D427B9C8F068}.Template|x64.ActiveCfg = Template|Win32
		{7CC73ED7-C05E-FD31-8FFA-D427B9C8F068}.Unicode Debug|Win32.ActiveCfg = Debug|Win32
		{7CC73ED7-C05E-FD31-8FFA-D427B9C8F068}.Unicode Debug|Win32.Build.0 = Debug|Win32
		{7CC73ED7-C05E-FD31-8FFA-D427B9C8F068}.Unicode Debug|x64.ActiveCfg = Debug|Win32
		{7CC73ED7-C05E-FD31-8FFA-D427B9C8F068}.Unicode Release|Win32.ActiveCfg = Release|Win32
		{7CC73ED7-C05E-FD31-8FFA-D427B9C8F068}.Unicode Release|Win32.Build.0 = Release|Win32
		{7CC73ED7-C05E-FD31-8FFA-D427B9C8F068}.Unicode Release|x64.ActiveCfg = Release|Win32
		{CCDB12D0-8007-11C2-AD08-681916349037}.Debug|Win32.ActiveCfg = Debug|Win32
		{CCDB12D0-8007-11C2-AD08-681916349037}.Debug|x64.ActiveCfg = Debug|Win32
		{CCDB12D0-8007-11C2-AD08-681916349037}.DebugUnicode|Win32.ActiveCfg = DebugUnicode|Win32
		{CCDB12D0-8007-11C2-AD08-681916349037}.DebugUnicode|Win32.Build.0 = DebugUnicode|Win32
		{CCDB12D0-8007-11C2-AD08-681916349037}.DebugUnicode|x64.ActiveCfg = DebugUnicode|Win32
		{CCDB12D0-8007-11C2-AD08-681916349037}.MakeUTF|Win32.ActiveCfg = ReleaseUnicode|Win32
		{CCDB12D0-8007-11C2-AD08-681916349037}.MakeUTF|Win32.Build.0 = ReleaseUnicode|Win32
		{CCDB12D0-8007-11C2-AD08-681916349037}.MakeUTF|x64.ActiveCfg = ReleaseUnicode|Win32
		{CCDB12D0-8007-11C2-AD08-681916349037}.Release|Win32.ActiveCfg = Release|Win32
		{CCDB12D0-8007-11C2-AD08-681916349037}.Release|x64.ActiveCfg = Release|Win32
		{CCDB12D0-8007-11C2-AD08-681916349037}.ReleaseDebug|Win32.ActiveCfg = ReleaseDebug|Win32
		{CCDB12D0-8007-11C2-AD08-681916349037}.ReleaseDebug|Win32.Build.0 = ReleaseDebug|Win32
		{CCDB12D0-8007-11C2-AD08-681916349037}.ReleaseDebug|x64.ActiveCfg = ReleaseDebug|Win32
		{CCDB12D0-8007-11C2-AD08-681916349037}.ReleaseTool|Win32.ActiveCfg = ReleaseTool|Win32
		{CCDB12D0-8007-11C2-AD08-681916349037}.ReleaseTool|Win32.Build.0 = ReleaseTool|Win32
		{CCDB12D0-8007-11C2-AD08-681916349037}.ReleaseTool|x64.ActiveCfg = ReleaseTool|Win32
		{CCDB12D0-8007-11C2-AD08-681916349037}.ReleaseUnicode|Win32.ActiveCfg = ReleaseUnicode|Win32
		{CCDB12D0-8007-11C2-AD08-681916349037}.ReleaseUnicode|Win32.Build.0 = ReleaseUnicode|Win32
		{CCDB12D0-8007-11C2-AD08-681916349037}.ReleaseUnicode|x64.ActiveCfg = ReleaseUnicode|Win32
		{CCDB12D0-8007-11C2-AD08-681916349037}.Template|Win32.ActiveCfg = Template|Win32
		{CCDB12D0-8007-11C2-AD08-681916349037}.Template|Win32.Build.0 = Template|Win32
		{CCDB12D0-8007-11C2-AD08-681916349037}.Template|x64.ActiveCfg = Template|Win32
		{CCDB12D0-8007-11C2-AD08-681916349037}.Unicode Debug|Win32.ActiveCfg = Debug|Win32
		{CCDB12D0-8007-11C2-AD08-681916349037}.Unicode Debug|Win32.Build.0 = Debug|Win32
		{CCDB12D0-8007-11C2-AD08-681916349037}.Unicode Debug|x64.ActiveCfg = Debug|Win32
		{CCDB12D0-8007-11C2-AD08-681916349037}.Unicode Release|Win32.ActiveCfg = Release|Win32
		{CCDB12D0-8007-11C2-AD08-681916349037}.Unicode Release|Win32.Build.0 = Release|Win32
		{CCDB12D0-8007-11C2-AD08-681916349037}.Unicode Release|x64.ActiveCfg = Release|Win32
		{DA394C61-01A4-5F3E-22BE-B9440F14BD9F}.Debug|Win32.ActiveCfg = Debug|Win32
		{DA394C61-01A4-5F3E-22BE-B9440F14BD9F}.Debug|x64.ActiveCfg = Debug|x64
		{DA394C61-01A4-5F3E-22BE-B9440F14BD9F}.Debug|x64.Build.0 = Debug|x64
		{DA394C61-01A4-5F3E-22BE-B9440F14BD9F}.DebugUnicode|Win32.ActiveCfg = DebugUnicode|Win32
		{DA394C61-01A4-5F3E-22BE-B9440F14BD9F}.DebugUnicode|Win32.Build.0 = DebugUnicode|Win32
		{DA394C61-01A4-5F3E-22BE-B9440F14BD9F}.DebugUnicode|x64.ActiveCfg = DebugUnicode|x64
		{DA394C61-01A4-5F3E-22BE-B9440F14BD9F}.DebugUnicode|x64.Build.0 = DebugUnicode|x64
		{DA394C61-01A4-5F3E-22BE-B9440F14BD9F}.MakeUTF|Win32.ActiveCfg = Template|x64
		{DA394C61-01A4-5F3E-22BE-B9440F14BD9F}.MakeUTF|x64.ActiveCfg = Template|x64
		{DA394C61-01A4-5F3E-22BE-B9440F14BD9F}.MakeUTF|x64.Build.0 = Template|x64
		{DA394C61-01A4-5F3E-22BE-B9440F14BD9F}.Release|Win32.ActiveCfg = Release|Win32
		{DA394C61-01A4-5F3E-22BE-B9440F14BD9F}.Release|x64.ActiveCfg = Release|x64
		{DA394C61-01A4-5F3E-22BE-B9440F14BD9F}.Release|x64.Build.0 = Release|x64
		{DA394C61-01A4-5F3E-22BE-B9440F14BD9F}.ReleaseDebug|Win32.ActiveCfg = Debug|Win32
		{DA394C61-01A4-5F3E-22BE-B9440F14BD9F}.ReleaseDebug|Win32.Build.0 = Debug|Win32
		{DA394C61-01A4-5F3E-22BE-B9440F14BD9F}.ReleaseDebug|x64.ActiveCfg = Debug|x64
		{DA394C61-01A4-5F3E-22BE-B9440F14BD9F}.ReleaseDebug|x64.Build.0 = Debug|x64
		{DA394C61-01A4-5F3E-22BE-B9440F14BD9F}.ReleaseTool|Win32.ActiveCfg = ReleaseTool|Win32
		{DA394C61-01A4-5F3E-22BE-B9440F14BD9F}.ReleaseTool|Win32.Build.0 = ReleaseTool|Win32
		{DA394C61-01A4-5F3E-22BE-B9440F14BD9F}.ReleaseTool|x64.ActiveCfg = ReleaseTool|x64
		{DA394C61-01A4-5F3E-22BE-B9440F14BD9F}.ReleaseTool|x64.Build.0 = ReleaseTool|x64
		{DA394C61-01A4-5F3E-22BE-B9440F14BD9F}.ReleaseUnicode|Win32.ActiveCfg = ReleaseUnicode|Win32
		{DA394C61-01A4-5F3E-22BE-B9440F14BD9F}.ReleaseUnicode|Win32.Build.0 = ReleaseUnicode|Win32
		{DA394C61-01A4-5F3E-22BE-B9440F14BD9F}.ReleaseUnicode|x64.ActiveCfg = ReleaseUnicode|x64
		{DA394C61-01A4-5F3E-22BE-B9440F14BD9F}.ReleaseUnicode|x64.Build.0 = ReleaseUnicode|x64
		{DA394C61-01A4-5F3E-22BE-B9440F14BD9F}.Template|Win32.ActiveCfg = Template|Win32
		{DA394C61-01A4-5F3E-22BE-B9440F14BD9F}.Template|Win32.Build.0 = Template|Win32
		{DA394C61-01A4-5F3E-22BE-B9440F14BD9F}.Template|x64.ActiveCfg = Template|x64
		{DA394C61-01A4-5F3E-22BE-B9440F14BD9F}.Template|x64.Build.0 = Template|x64
		{DA394C61-01A4-5F3E-22BE-B9440F14BD9F}.Unicode Debug|Win32.ActiveCfg = Debug|Win32
		{DA394C61-01A4-5F3E-22BE-B9440F14BD9F}.Unicode Debug|Win32.Build.0 = Debug|Win32
		{DA394C61-01A4-5F3E-22BE-B9440F14BD9F}.Unicode Debug|x64.ActiveCfg = Debug|x64
		{DA394C61-01A4-5F3E-22BE-B9440F14BD9F}.Unicode Debug|x64.Build.0 = Debug|x64
		{DA394C61-01A4-5F3E-22BE-B9440F14BD9F}.Unicode Release|Win32.ActiveCfg = Release|Win32
		{DA394C61-01A4-5F3E-22BE-B9440F14BD9F}.Unicode Release|Win32.Build.0 = Release|Win32
		{DA394C61-01A4-5F3E-22BE-B9440F14BD9F}.Unicode Release|x64.ActiveCfg = Release|x64
		{DA394C61-01A4-5F3E-22BE-B9440F14BD9F}.Unicode Release|x64.Build.0 = Release|x64
	EndGlobalSection
	GlobalSection(SolutionProperties) = preSolution
		HideSolutionNode = FALSE
	EndGlobalSection
EndGlobal
