<?xml version="1.0" encoding="utf-8"?>
<Project ToolsVersion="4.0" xmlns="http://schemas.microsoft.com/developer/msbuild/2003">
  <ItemGroup>
    <ClCompile Include="ARcBridge.cpp">
      <Filter>소스 파일</Filter>
    </ClCompile>
    <ClCompile Include="ARcBridgeDoc.cpp">
      <Filter>소스 파일</Filter>
    </ClCompile>
    <ClCompile Include="ARcBridgeStmView.cpp">
      <Filter>소스 파일</Filter>
    </ClCompile>
    <ClCompile Include="ARcBridgeView.cpp">
      <Filter>소스 파일</Filter>
    </ClCompile>
    <ClCompile Include="DialogMenuOutBM.cpp">
      <Filter>소스 파일</Filter>
    </ClCompile>
    <ClCompile Include="MainFrm.cpp">
      <Filter>소스 파일</Filter>
    </ClCompile>
    <ClCompile Include="SaveCompleteDlg.cpp">
      <Filter>소스 파일</Filter>
    </ClCompile>
    <ClCompile Include="ShortcutPaneBM.cpp">
      <Filter>소스 파일</Filter>
    </ClCompile>
    <ClCompile Include="ShortcutPaneDrawing.cpp">
      <Filter>소스 파일</Filter>
    </ClCompile>
    <ClCompile Include="ShortcutPaneInput.cpp">
      <Filter>소스 파일</Filter>
    </ClCompile>
    <ClCompile Include="ShortcutPaneStart.cpp">
      <Filter>소스 파일</Filter>
    </ClCompile>
    <ClCompile Include="Splash.cpp">
      <Filter>소스 파일</Filter>
    </ClCompile>
    <ClCompile Include="StdAfx.cpp">
      <Filter>소스 파일</Filter>
    </ClCompile>
    <ClCompile Include="WaitForSubProgram.cpp">
      <Filter>소스 파일</Filter>
    </ClCompile>
    <ClCompile Include="WmfSizeDlg.cpp">
      <Filter>소스 파일</Filter>
    </ClCompile>
    <ClCompile Include="MainFrmATEST.cpp">
      <Filter>소스 파일</Filter>
    </ClCompile>
    <ClCompile Include="DialogExportStxOption.cpp">
      <Filter>소스 파일</Filter>
    </ClCompile>
    <ClCompile Include="ExportToAStrutTie.cpp">
      <Filter>소스 파일</Filter>
    </ClCompile>
  </ItemGroup>
  <ItemGroup>
    <ClInclude Include="ARcBridgeDoc.h">
      <Filter>헤더 파일</Filter>
    </ClInclude>
    <ClInclude Include="ARcBridgeStmView.h">
      <Filter>헤더 파일</Filter>
    </ClInclude>
    <ClInclude Include="ARcBridgeView.h">
      <Filter>헤더 파일</Filter>
    </ClInclude>
    <ClInclude Include="DialogMenuOutBM.h">
      <Filter>헤더 파일</Filter>
    </ClInclude>
    <ClInclude Include="MainFrm.h">
      <Filter>헤더 파일</Filter>
    </ClInclude>
    <ClInclude Include="Resource.h">
      <Filter>헤더 파일</Filter>
    </ClInclude>
    <ClInclude Include="SaveCompleteDlg.h">
      <Filter>헤더 파일</Filter>
    </ClInclude>
    <ClInclude Include="ShortcutPaneBM.h">
      <Filter>헤더 파일</Filter>
    </ClInclude>
    <ClInclude Include="ShortcutPaneDrawing.h">
      <Filter>헤더 파일</Filter>
    </ClInclude>
    <ClInclude Include="ShortcutPaneInput.h">
      <Filter>헤더 파일</Filter>
    </ClInclude>
    <ClInclude Include="ShortcutPaneStart.h">
      <Filter>헤더 파일</Filter>
    </ClInclude>
    <ClInclude Include="Splash.h">
      <Filter>헤더 파일</Filter>
    </ClInclude>
    <ClInclude Include="StdAfx.h">
      <Filter>헤더 파일</Filter>
    </ClInclude>
    <ClInclude Include="WaitForSubProgram.h">
      <Filter>헤더 파일</Filter>
    </ClInclude>
    <ClInclude Include="WmfSizeDlg.h">
      <Filter>헤더 파일</Filter>
    </ClInclude>
    <ClInclude Include="DialogExportStxOption.h">
      <Filter>헤더 파일</Filter>
    </ClInclude>
    <ClInclude Include="ExportToAStrutTie.h">
      <Filter>헤더 파일</Filter>
    </ClInclude>
  </ItemGroup>
  <ItemGroup>
    <CustomBuild Include="ReadMe.txt" />
    <CustomBuild Include="res\about.bmp">
      <Filter>리소스 파일</Filter>
    </CustomBuild>
    <CustomBuild Include="res\about_normal.bmp">
      <Filter>리소스 파일</Filter>
    </CustomBuild>
    <CustomBuild Include="res\activesi.cur">
      <Filter>리소스 파일</Filter>
    </CustomBuild>
    <CustomBuild Include="res\ADManagerButton.bmp">
      <Filter>리소스 파일</Filter>
    </CustomBuild>
    <CustomBuild Include="res\align.bmp">
      <Filter>리소스 파일</Filter>
    </CustomBuild>
    <CustomBuild Include="res\ARc_icon6.ico">
      <Filter>리소스 파일</Filter>
    </CustomBuild>
    <CustomBuild Include="res\ARc_icon7.ico">
      <Filter>리소스 파일</Filter>
    </CustomBuild>
    <CustomBuild Include="res\ARcBridge.ico">
      <Filter>리소스 파일</Filter>
    </CustomBuild>
    <CustomBuild Include="res\ARcBridgeDoc.ico">
      <Filter>리소스 파일</Filter>
    </CustomBuild>
    <CustomBuild Include="res\bitmap1.bmp">
      <Filter>리소스 파일</Filter>
    </CustomBuild>
    <CustomBuild Include="res\bmp00009.bmp">
      <Filter>리소스 파일</Filter>
    </CustomBuild>
    <CustomBuild Include="res\bitmap2.bmp">
      <Filter>리소스 파일</Filter>
    </CustomBuild>
    <CustomBuild Include="res\bitmap_about.bmp">
      <Filter>리소스 파일</Filter>
    </CustomBuild>
    <CustomBuild Include="res\bmp00001.bmp">
      <Filter>리소스 파일</Filter>
    </CustomBuild>
    <CustomBuild Include="res\bmp00002.bmp">
      <Filter>리소스 파일</Filter>
    </CustomBuild>
    <CustomBuild Include="res\bmp00003.bmp">
      <Filter>리소스 파일</Filter>
    </CustomBuild>
    <CustomBuild Include="res\bmp00004.bmp">
      <Filter>리소스 파일</Filter>
    </CustomBuild>
    <CustomBuild Include="res\bmp00005.bmp">
      <Filter>리소스 파일</Filter>
    </CustomBuild>
    <CustomBuild Include="res\bmp00006.bmp">
      <Filter>리소스 파일</Filter>
    </CustomBuild>
    <CustomBuild Include="res\bmp00007.bmp">
      <Filter>리소스 파일</Filter>
    </CustomBuild>
    <CustomBuild Include="res\bmp00008.bmp">
      <Filter>리소스 파일</Filter>
    </CustomBuild>
    <CustomBuild Include="res\draw.bmp">
      <Filter>리소스 파일</Filter>
    </CustomBuild>
    <CustomBuild Include="res\mainfram.bmp">
      <Filter>리소스 파일</Filter>
    </CustomBuild>
    <CustomBuild Include="res\drawing.bmp">
      <Filter>리소스 파일</Filter>
    </CustomBuild>
    <CustomBuild Include="res\file.bmp">
      <Filter>리소스 파일</Filter>
    </CustomBuild>
    <CustomBuild Include="res\file2.bmp">
      <Filter>리소스 파일</Filter>
    </CustomBuild>
    <CustomBuild Include="res\file_disable.bmp">
      <Filter>리소스 파일</Filter>
    </CustomBuild>
    <CustomBuild Include="res\format.bmp">
      <Filter>리소스 파일</Filter>
    </CustomBuild>
    <CustomBuild Include="res\input_base.bmp">
      <Filter>리소스 파일</Filter>
    </CustomBuild>
    <CustomBuild Include="res\input_gen.bmp">
      <Filter>리소스 파일</Filter>
    </CustomBuild>
    <CustomBuild Include="res\input_head.bmp">
      <Filter>리소스 파일</Filter>
    </CustomBuild>
    <CustomBuild Include="res\input_rebar.bmp">
      <Filter>리소스 파일</Filter>
    </CustomBuild>
    <CustomBuild Include="res\cur00001.cur">
      <Filter>리소스 파일</Filter>
    </CustomBuild>
    <CustomBuild Include="nodrop.cur">
      <Filter>리소스 파일</Filter>
    </CustomBuild>
    <CustomBuild Include="res\output.bmp">
      <Filter>리소스 파일</Filter>
    </CustomBuild>
    <CustomBuild Include="res\osnap.bmp">
      <Filter>리소스 파일</Filter>
    </CustomBuild>
    <CustomBuild Include="res\others.bmp">
      <Filter>리소스 파일</Filter>
    </CustomBuild>
    <CustomBuild Include="res\out.bmp">
      <Filter>리소스 파일</Filter>
    </CustomBuild>
    <CustomBuild Include="res\shortcut_big.bmp">
      <Filter>리소스 파일</Filter>
    </CustomBuild>
    <CustomBuild Include="res\shortcut_small.bmp">
      <Filter>리소스 파일</Filter>
    </CustomBuild>
    <CustomBuild Include="res\splash.bmp">
      <Filter>리소스 파일</Filter>
    </CustomBuild>
    <CustomBuild Include="res\splash_normal.bmp">
      <Filter>리소스 파일</Filter>
    </CustomBuild>
    <CustomBuild Include="res\splash_plus.bmp">
      <Filter>리소스 파일</Filter>
    </CustomBuild>
    <CustomBuild Include="Splsh16.bmp">
      <Filter>리소스 파일</Filter>
    </CustomBuild>
    <CustomBuild Include="res\support.bmp">
      <Filter>리소스 파일</Filter>
    </CustomBuild>
    <CustomBuild Include="res\toolbar_.bmp">
      <Filter>리소스 파일</Filter>
    </CustomBuild>
    <CustomBuild Include="res\Toolbar.bmp">
      <Filter>리소스 파일</Filter>
    </CustomBuild>
    <CustomBuild Include="res\toolbar01.bmp">
      <Filter>리소스 파일</Filter>
    </CustomBuild>
    <CustomBuild Include="res\toolbar02.bmp">
      <Filter>리소스 파일</Filter>
    </CustomBuild>
    <CustomBuild Include="res\toolbar03.bmp">
      <Filter>리소스 파일</Filter>
    </CustomBuild>
    <CustomBuild Include="res\toolbar04.bmp">
      <Filter>리소스 파일</Filter>
    </CustomBuild>
    <CustomBuild Include="res\toolbar05.bmp">
      <Filter>리소스 파일</Filter>
    </CustomBuild>
    <CustomBuild Include="res\toolbar06.bmp">
      <Filter>리소스 파일</Filter>
    </CustomBuild>
    <CustomBuild Include="res\toolbar07.bmp">
      <Filter>리소스 파일</Filter>
    </CustomBuild>
    <CustomBuild Include="res\toolbar08.bmp">
      <Filter>리소스 파일</Filter>
    </CustomBuild>
    <CustomBuild Include="res\toolbar09.bmp">
      <Filter>리소스 파일</Filter>
    </CustomBuild>
    <CustomBuild Include="res\toolbar1.bmp">
      <Filter>리소스 파일</Filter>
    </CustomBuild>
    <CustomBuild Include="res\toolbar10.bmp">
      <Filter>리소스 파일</Filter>
    </CustomBuild>
    <CustomBuild Include="res\toolbar11.bmp">
      <Filter>리소스 파일</Filter>
    </CustomBuild>
    <CustomBuild Include="ARcBridge.h">
      <Filter>헤더 파일</Filter>
    </CustomBuild>
    <CustomBuild Include="res\zoom.bmp">
      <Filter>리소스 파일</Filter>
    </CustomBuild>
    <CustomBuild Include="res\ARcBridge.rc2">
      <Filter>리소스 파일</Filter>
    </CustomBuild>
  </ItemGroup>
  <ItemGroup>
    <Manifest Include="res\app.manifest" />
  </ItemGroup>
  <ItemGroup>
    <Filter Include="헤더 파일">
      <UniqueIdentifier>{a5853d8a-6e33-461a-8cd6-09fd8545c9a6}</UniqueIdentifier>
      <Extensions>h;hpp;hxx;hm;inl;inc;xsd</Extensions>
    </Filter>
    <Filter Include="소스 파일">
      <UniqueIdentifier>{a971252b-279f-4732-9ef0-f8b8d8dbe12d}</UniqueIdentifier>
      <Extensions>cpp;c;cc;cxx;def;odl;idl;hpj;bat;asm;asmx</Extensions>
    </Filter>
    <Filter Include="리소스 파일">
      <UniqueIdentifier>{7208d8ec-6c4e-4847-9557-e0702e257293}</UniqueIdentifier>
      <Extensions>rc;ico;cur;bmp;dlg;rc2;rct;bin;rgs;gif;jpg;jpeg;jpe;resx;tiff;tif;png;wav;mfcribbon-ms</Extensions>
    </Filter>
  </ItemGroup>
  <ItemGroup>
    <None Include="res\input_stm.bmp">
      <Filter>리소스 파일</Filter>
    </None>
    <None Include="res\splash_Lsd.bmp">
      <Filter>리소스 파일</Filter>
    </None>
    <None Include="ClassDiagram1.cd" />
  </ItemGroup>
  <ItemGroup>
    <ResourceCompile Include="ARcBridge.rc">
      <Filter>리소스 파일</Filter>
    </ResourceCompile>
  </ItemGroup>
</Project>