<?xml version="1.0" encoding="utf-8"?>
<Project ToolsVersion="4.0" xmlns="http://schemas.microsoft.com/developer/msbuild/2003">
  <ItemGroup>
    <ClCompile Include="ARcBridgeCalcAps.cpp">
      <Filter>소스 파일</Filter>
    </ClCompile>
    <ClCompile Include="ARcBridgeCalcArchRib.cpp">
      <Filter>소스 파일</Filter>
    </ClCompile>
    <ClCompile Include="ARcBridgeCalcColAndGir.cpp">
      <Filter>소스 파일</Filter>
    </ClCompile>
    <ClCompile Include="ARcBridgeCalcCornerAndSupport.cpp">
      <Filter>소스 파일</Filter>
    </ClCompile>
    <ClCompile Include="ARcBridgeCalcEarthQuake.cpp">
      <Filter>소스 파일</Filter>
    </ClCompile>
    <ClCompile Include="ARcBridgeCalcFatigue.cpp">
      <Filter>소스 파일</Filter>
    </ClCompile>
    <ClCompile Include="ARcBridgeCalcFooting.cpp">
      <Filter>소스 파일</Filter>
    </ClCompile>
    <ClCompile Include="ARcBridgeCalcLoad.cpp">
      <Filter>소스 파일</Filter>
    </ClCompile>
    <ClCompile Include="ARcBridgeCalcStd.cpp">
      <Filter>소스 파일</Filter>
    </ClCompile>
    <ClCompile Include="ARcBridgeCalcStm.cpp">
      <Filter>소스 파일</Filter>
    </ClCompile>
    <ClCompile Include="ARcBridgeCalcSummary.cpp">
      <Filter>소스 파일</Filter>
    </ClCompile>
    <ClCompile Include="ARcBridgeCalculate.cpp">
      <Filter>소스 파일</Filter>
    </ClCompile>
    <ClCompile Include="ARcBridgeCalcWing.cpp">
      <Filter>소스 파일</Filter>
    </ClCompile>
    <ClCompile Include="ARcBridgeDesignFrame.cpp">
      <Filter>소스 파일</Filter>
    </ClCompile>
    <ClCompile Include="ARcBridgeDesignShell.cpp">
      <Filter>소스 파일</Filter>
    </ClCompile>
    <ClCompile Include="ARcBridgeMeshCalc.cpp">
      <Filter>소스 파일</Filter>
    </ClCompile>
    <ClCompile Include="CalcStmBracket.cpp">
      <Filter>소스 파일</Filter>
    </ClCompile>
    <ClCompile Include="CalcStmCorner.cpp">
      <Filter>소스 파일</Filter>
    </ClCompile>
    <ClCompile Include="CalcStmFoot.cpp">
      <Filter>소스 파일</Filter>
    </ClCompile>
    <ClCompile Include="CalcStmMidFoot.cpp">
      <Filter>소스 파일</Filter>
    </ClCompile>
    <ClCompile Include="GirderAndColumn.cpp">
      <Filter>소스 파일</Filter>
    </ClCompile>
    <ClCompile Include="LoadFooting.cpp">
      <Filter>소스 파일</Filter>
    </ClCompile>
    <ClCompile Include="MeshFace.cpp">
      <Filter>소스 파일</Filter>
    </ClCompile>
    <ClCompile Include="ModulusFoundation.cpp">
      <Filter>소스 파일</Filter>
    </ClCompile>
    <ClCompile Include="RigidityFooting.cpp">
      <Filter>소스 파일</Filter>
    </ClCompile>
    <ClCompile Include="StdAfx.cpp">
      <Filter>소스 파일</Filter>
    </ClCompile>
    <ClCompile Include="CalcCantilever.cpp">
      <Filter>소스 파일</Filter>
    </ClCompile>
    <ClCompile Include="CantileverCheckPosition.cpp">
      <Filter>소스 파일</Filter>
    </ClCompile>
  </ItemGroup>
  <ItemGroup>
    <ClInclude Include="ARcBridgeCalcAps.h">
      <Filter>헤더 파일</Filter>
    </ClInclude>
    <ClInclude Include="ARcBridgeCalcSummary.h">
      <Filter>헤더 파일</Filter>
    </ClInclude>
    <ClInclude Include="ARcBridgeCalcArchRib.h">
      <Filter>헤더 파일</Filter>
    </ClInclude>
    <ClInclude Include="ARcBridgeCalcColAndGir.h">
      <Filter>헤더 파일</Filter>
    </ClInclude>
    <ClInclude Include="ARcBridgeCalcCornerAndSupport.h">
      <Filter>헤더 파일</Filter>
    </ClInclude>
    <ClInclude Include="ARcBridgeCalcEarthQuake.h">
      <Filter>헤더 파일</Filter>
    </ClInclude>
    <ClInclude Include="ARcBridgeCalcFatigue.h">
      <Filter>헤더 파일</Filter>
    </ClInclude>
    <ClInclude Include="ARcBridgeCalcFooting.h">
      <Filter>헤더 파일</Filter>
    </ClInclude>
    <ClInclude Include="ARcBridgeCalcLoad.h">
      <Filter>헤더 파일</Filter>
    </ClInclude>
    <ClInclude Include="ARcBridgeCalcStd.h">
      <Filter>헤더 파일</Filter>
    </ClInclude>
    <ClInclude Include="ARcBridgeCalcStm.h">
      <Filter>헤더 파일</Filter>
    </ClInclude>
    <ClInclude Include="ARcBridgeCalculate.h">
      <Filter>헤더 파일</Filter>
    </ClInclude>
    <ClInclude Include="ARcBridgeCalcWing.h">
      <Filter>헤더 파일</Filter>
    </ClInclude>
    <ClInclude Include="ARcBridgeDesignFrame.h">
      <Filter>헤더 파일</Filter>
    </ClInclude>
    <ClInclude Include="ARcBridgeDesignShell.h">
      <Filter>헤더 파일</Filter>
    </ClInclude>
    <ClInclude Include="ARcBridgeMeshCalc.h">
      <Filter>헤더 파일</Filter>
    </ClInclude>
    <ClInclude Include="CalcStmCorner.h">
      <Filter>헤더 파일</Filter>
    </ClInclude>
    <ClInclude Include="CalcStmBracket.h">
      <Filter>헤더 파일</Filter>
    </ClInclude>
    <ClInclude Include="CalcStmFoot.h">
      <Filter>헤더 파일</Filter>
    </ClInclude>
    <ClInclude Include="ModulusFoundation.h">
      <Filter>헤더 파일</Filter>
    </ClInclude>
    <ClInclude Include="CalcStmMidFoot.h">
      <Filter>헤더 파일</Filter>
    </ClInclude>
    <ClInclude Include="GirderAndColumn.h">
      <Filter>헤더 파일</Filter>
    </ClInclude>
    <ClInclude Include="LoadFooting.h">
      <Filter>헤더 파일</Filter>
    </ClInclude>
    <ClInclude Include="MeshFace.h">
      <Filter>헤더 파일</Filter>
    </ClInclude>
    <ClInclude Include="Resource.h">
      <Filter>헤더 파일</Filter>
    </ClInclude>
    <ClInclude Include="RigidityFooting.h">
      <Filter>헤더 파일</Filter>
    </ClInclude>
    <ClInclude Include="StdAfx.h">
      <Filter>헤더 파일</Filter>
    </ClInclude>
    <ClInclude Include="CalcCantilever.h">
      <Filter>헤더 파일</Filter>
    </ClInclude>
    <ClInclude Include="CantileverCheckPosition.h">
      <Filter>헤더 파일</Filter>
    </ClInclude>
  </ItemGroup>
  <ItemGroup>
    <CustomBuild Include="ReadMe.txt" />
    <CustomBuild Include="ARcBridgeCalculate.def">
      <Filter>소스 파일</Filter>
    </CustomBuild>
    <CustomBuild Include="res\ARcBridgeCalculate.rc2">
      <Filter>리소스 파일</Filter>
    </CustomBuild>
  </ItemGroup>
  <ItemGroup>
    <Filter Include="헤더 파일">
      <UniqueIdentifier>{1a6d7e14-6060-41f5-9b38-9f6dc438f12e}</UniqueIdentifier>
      <Extensions>h;hpp;hxx;hm;inl;inc;xsd</Extensions>
    </Filter>
    <Filter Include="소스 파일">
      <UniqueIdentifier>{9708bb8f-f240-49e4-9abc-c782e7f619da}</UniqueIdentifier>
      <Extensions>cpp;c;cc;cxx;def;odl;idl;hpj;bat;asm;asmx</Extensions>
    </Filter>
    <Filter Include="리소스 파일">
      <UniqueIdentifier>{5f8c876b-c658-47fd-9aeb-11adb4779f2c}</UniqueIdentifier>
      <Extensions>rc;ico;cur;bmp;dlg;rc2;rct;bin;rgs;gif;jpg;jpeg;jpe;resx;tiff;tif;png;wav;mfcribbon-ms</Extensions>
    </Filter>
  </ItemGroup>
  <ItemGroup>
    <ResourceCompile Include="ARcBridgeCalculate.rc">
      <Filter>리소스 파일</Filter>
    </ResourceCompile>
  </ItemGroup>
</Project>