<?xml version="1.0" encoding="utf-8"?>
<Project ToolsVersion="4.0" xmlns="http://schemas.microsoft.com/developer/msbuild/2003">
  <ItemGroup>
    <ClCompile Include="ARcBridgeDrawing.cpp">
      <Filter>소스 파일</Filter>
    </ClCompile>
    <ClCompile Include="ARcBridgeDrawingStd.cpp">
      <Filter>소스 파일</Filter>
    </ClCompile>
    <ClCompile Include="DrawingAps.cpp">
      <Filter>소스 파일</Filter>
    </ClCompile>
    <ClCompile Include="DrawingBoring.cpp">
      <Filter>소스 파일</Filter>
    </ClCompile>
    <ClCompile Include="DrawingCns.cpp">
      <Filter>소스 파일</Filter>
    </ClCompile>
    <ClCompile Include="DrawingGeneral.cpp">
      <Filter>소스 파일</Filter>
    </ClCompile>
    <ClCompile Include="DrawingOthers.cpp">
      <Filter>소스 파일</Filter>
    </ClCompile>
    <ClCompile Include="DrawingRebar.cpp">
      <Filter>소스 파일</Filter>
    </ClCompile>
    <ClCompile Include="DrawingShoeArrange.cpp">
      <Filter>소스 파일</Filter>
    </ClCompile>
    <ClCompile Include="DrawingSlabStandardOutput.cpp">
      <Filter>소스 파일</Filter>
    </ClCompile>
    <ClCompile Include="DrawingUser.cpp">
      <Filter>소스 파일</Filter>
    </ClCompile>
    <ClCompile Include="DrawingVerticalPlane.cpp">
      <Filter>소스 파일</Filter>
    </ClCompile>
    <ClCompile Include="PageInfo.cpp">
      <Filter>소스 파일</Filter>
    </ClCompile>
    <ClCompile Include="StdAfx.cpp">
      <Filter>소스 파일</Filter>
    </ClCompile>
  </ItemGroup>
  <ItemGroup>
    <ClInclude Include="ARcBridgeDrawingStd.h">
      <Filter>헤더 파일</Filter>
    </ClInclude>
    <ClInclude Include="DrawingAps.h">
      <Filter>헤더 파일</Filter>
    </ClInclude>
    <ClInclude Include="DrawingBoring.h">
      <Filter>헤더 파일</Filter>
    </ClInclude>
    <ClInclude Include="DrawingCns.h">
      <Filter>헤더 파일</Filter>
    </ClInclude>
    <ClInclude Include="DrawingGeneral.h">
      <Filter>헤더 파일</Filter>
    </ClInclude>
    <ClInclude Include="DrawingOthers.h">
      <Filter>헤더 파일</Filter>
    </ClInclude>
    <ClInclude Include="DrawingRebar.h">
      <Filter>헤더 파일</Filter>
    </ClInclude>
    <ClInclude Include="DrawingShoeArrange.h">
      <Filter>헤더 파일</Filter>
    </ClInclude>
    <ClInclude Include="DrawingSlabStandardOutput.h">
      <Filter>헤더 파일</Filter>
    </ClInclude>
    <ClInclude Include="DrawingUser.h">
      <Filter>헤더 파일</Filter>
    </ClInclude>
    <ClInclude Include="DrawingVerticalPlane.h">
      <Filter>헤더 파일</Filter>
    </ClInclude>
    <ClInclude Include="PageInfo.h">
      <Filter>헤더 파일</Filter>
    </ClInclude>
    <ClInclude Include="Resource.h">
      <Filter>헤더 파일</Filter>
    </ClInclude>
    <ClInclude Include="StdAfx.h">
      <Filter>헤더 파일</Filter>
    </ClInclude>
  </ItemGroup>
  <ItemGroup>
    <CustomBuild Include="ReadMe.txt" />
    <CustomBuild Include="ARcBridgeDrawing.def">
      <Filter>소스 파일</Filter>
    </CustomBuild>
    <CustomBuild Include="res\ARcBridgeDrawing.rc2">
      <Filter>리소스 파일</Filter>
    </CustomBuild>
  </ItemGroup>
  <ItemGroup>
    <Filter Include="리소스 파일">
      <UniqueIdentifier>{344dbe75-4106-4e8b-8fea-08ca49e5c289}</UniqueIdentifier>
    </Filter>
    <Filter Include="소스 파일">
      <UniqueIdentifier>{2ec46d75-d87a-4cde-a14b-6b8d5afde4d4}</UniqueIdentifier>
    </Filter>
    <Filter Include="헤더 파일">
      <UniqueIdentifier>{7e0ced07-7b94-4b75-88ac-96a60ceafdd0}</UniqueIdentifier>
    </Filter>
  </ItemGroup>
  <ItemGroup>
    <ResourceCompile Include="ARcBridgeDrawing.rc">
      <Filter>리소스 파일</Filter>
    </ResourceCompile>
  </ItemGroup>
</Project>