<?xml version="1.0" encoding="utf-8"?>
<Project ToolsVersion="4.0" xmlns="http://schemas.microsoft.com/developer/msbuild/2003">
  <ItemGroup>
    <ClCompile Include="ARcBridgeDBDraw.cpp">
      <Filter>소스 파일</Filter>
    </ClCompile>
    <ClCompile Include="ARcBridgeDBStandard.cpp">
      <Filter>소스 파일</Filter>
    </ClCompile>
    <ClCompile Include="DimParabola.cpp">
      <Filter>소스 파일</Filter>
    </ClCompile>
    <ClCompile Include="DrawColumn.cpp">
      <Filter>소스 파일</Filter>
    </ClCompile>
    <ClCompile Include="DrawCrossSection.cpp">
      <Filter>소스 파일</Filter>
    </ClCompile>
    <ClCompile Include="DrawExFooting.cpp">
      <Filter>소스 파일</Filter>
    </ClCompile>
    <ClCompile Include="DrawFooting.cpp">
      <Filter>소스 파일</Filter>
    </ClCompile>
    <ClCompile Include="DrawLine.cpp">
      <Filter>소스 파일</Filter>
    </ClCompile>
    <ClCompile Include="DrawPlane.cpp">
      <Filter>소스 파일</Filter>
    </ClCompile>
    <ClCompile Include="DrawVertSection.cpp">
      <Filter>소스 파일</Filter>
    </ClCompile>
    <ClCompile Include="DrawWall.cpp">
      <Filter>소스 파일</Filter>
    </ClCompile>
    <ClCompile Include="DrawWingWall.cpp">
      <Filter>소스 파일</Filter>
    </ClCompile>
    <ClCompile Include="StdAfx.cpp">
      <Filter>소스 파일</Filter>
    </ClCompile>
  </ItemGroup>
  <ItemGroup>
    <ClInclude Include="ARcBridgeDBStandard.h">
      <Filter>헤더 파일</Filter>
    </ClInclude>
    <ClInclude Include="DrawWingWall.h">
      <Filter>헤더 파일</Filter>
    </ClInclude>
    <ClInclude Include="DimParabola.h">
      <Filter>헤더 파일</Filter>
    </ClInclude>
    <ClInclude Include="DrawColumn.h">
      <Filter>헤더 파일</Filter>
    </ClInclude>
    <ClInclude Include="DrawCrossSection.h">
      <Filter>헤더 파일</Filter>
    </ClInclude>
    <ClInclude Include="DrawExFooting.h">
      <Filter>헤더 파일</Filter>
    </ClInclude>
    <ClInclude Include="DrawFooting.h">
      <Filter>헤더 파일</Filter>
    </ClInclude>
    <ClInclude Include="DrawLine.h">
      <Filter>헤더 파일</Filter>
    </ClInclude>
    <ClInclude Include="DrawPlane.h">
      <Filter>헤더 파일</Filter>
    </ClInclude>
    <ClInclude Include="DrawVertSection.h">
      <Filter>헤더 파일</Filter>
    </ClInclude>
    <ClInclude Include="DrawWall.h">
      <Filter>헤더 파일</Filter>
    </ClInclude>
    <ClInclude Include="Resource.h">
      <Filter>헤더 파일</Filter>
    </ClInclude>
    <ClInclude Include="StdAfx.h">
      <Filter>헤더 파일</Filter>
    </ClInclude>
  </ItemGroup>
  <ItemGroup>
    <CustomBuild Include="ReadMe.txt" />
    <CustomBuild Include="ARcBridgeDBDraw.def">
      <Filter>소스 파일</Filter>
    </CustomBuild>
    <CustomBuild Include="res\ARcBridgeDBDraw.rc2">
      <Filter>리소스 파일</Filter>
    </CustomBuild>
  </ItemGroup>
  <ItemGroup>
    <Filter Include="리소스 파일">
      <UniqueIdentifier>{87d63d6a-ed96-4484-9669-8fcfbe658cd3}</UniqueIdentifier>
    </Filter>
    <Filter Include="소스 파일">
      <UniqueIdentifier>{45f60f1f-2168-4350-9c55-6f64dee21e02}</UniqueIdentifier>
    </Filter>
    <Filter Include="헤더 파일">
      <UniqueIdentifier>{91ebab7f-5002-4a2a-b07f-9d51161ff395}</UniqueIdentifier>
    </Filter>
  </ItemGroup>
  <ItemGroup>
    <ResourceCompile Include="ARcBridgeDBDraw.rc">
      <Filter>리소스 파일</Filter>
    </ResourceCompile>
  </ItemGroup>
</Project>